// !$*UTF8*$!
{
	archiveVersion = 1;
	classes = {
	};
	objectVersion = 46;
	objects = {

/* Begin PBXBuildFile section */
		D244B2C5F306E6AF3DBC6FE3 /* Pods_Vacancy.framework in Frameworks */ = {isa = PBXBuildFile; fileRef = B2114BD053D86D13573955B3 /* Pods_Vacancy.framework */; };
		D4280ED0252DA6E7D8A05762 /* Pods_VacancyTests.framework in Frameworks */ = {isa = PBXBuildFile; fileRef = F8DF6F48D82ABABE740BD67C /* Pods_VacancyTests.framework */; };
		E101EABD1D40E712003789A5 /* TrainData.swift in Sources */ = {isa = PBXBuildFile; fileRef = E101EABC1D40E712003789A5 /* TrainData.swift */; };
		E101EABF1D40EE98003789A5 /* StnViewController.swift in Sources */ = {isa = PBXBuildFile; fileRef = E101EABE1D40EE98003789A5 /* StnViewController.swift */; };
		E116C34D1D486F240001A231 /* vacancy.png in Resources */ = {isa = PBXBuildFile; fileRef = E116C34C1D486F240001A231 /* vacancy.png */; };
		E144E1201D45F250002FADAA /* granclass.png in Resources */ = {isa = PBXBuildFile; fileRef = E144E1141D45F250002FADAA /* granclass.png */; };
		E144E1211D45F250002FADAA /* green.png in Resources */ = {isa = PBXBuildFile; fileRef = E144E1151D45F250002FADAA /* green.png */; };
		E144E1221D45F250002FADAA /* ltdexp.png in Resources */ = {isa = PBXBuildFile; fileRef = E144E1161D45F250002FADAA /* ltdexp.png */; };
		E144E1251D45F250002FADAA /* nonsmoke.png in Resources */ = {isa = PBXBuildFile; fileRef = E144E1191D45F250002FADAA /* nonsmoke.png */; };
		E144E1261D45F250002FADAA /* rapid.png in Resources */ = {isa = PBXBuildFile; fileRef = E144E11A1D45F250002FADAA /* rapid.png */; };
		E144E1271D45F250002FADAA /* reserved.png in Resources */ = {isa = PBXBuildFile; fileRef = E144E11B1D45F250002FADAA /* reserved.png */; };
		E144E1291D45F250002FADAA /* smoking.png in Resources */ = {isa = PBXBuildFile; fileRef = E144E11D1D45F250002FADAA /* smoking.png */; };
		E144E12A1D45F250002FADAA /* superexpress.png in Resources */ = {isa = PBXBuildFile; fileRef = E144E11E1D45F250002FADAA /* superexpress.png */; };
		E144E12C1D462412002FADAA /* ResultCell.swift in Sources */ = {isa = PBXBuildFile; fileRef = E144E12B1D462412002FADAA /* ResultCell.swift */; };
		E144E12E1D4628B7002FADAA /* ResultView.swift in Sources */ = {isa = PBXBuildFile; fileRef = E144E12D1D4628B7002FADAA /* ResultView.swift */; };
		E1586E791D5214E200F62B44 /* SettingViewController.swift in Sources */ = {isa = PBXBuildFile; fileRef = E1586E781D5214E200F62B44 /* SettingViewController.swift */; };
		E1686C771D574799001F3AA4 /* nashi.png in Resources */ = {isa = PBXBuildFile; fileRef = E1686C761D574799001F3AA4 /* nashi.png */; };
		E1686C791D5747C0001F3AA4 /* greenW.png in Resources */ = {isa = PBXBuildFile; fileRef = E1686C781D5747C0001F3AA4 /* greenW.png */; };
		E1686C7B1D5747C9001F3AA4 /* maruW.png in Resources */ = {isa = PBXBuildFile; fileRef = E1686C7A1D5747C9001F3AA4 /* maruW.png */; };
		E1686C7D1D5747D1001F3AA4 /* reservedW.png in Resources */ = {isa = PBXBuildFile; fileRef = E1686C7C1D5747D0001F3AA4 /* reservedW.png */; };
		E1686C821D5747DF001F3AA4 /* granclassW.png in Resources */ = {isa = PBXBuildFile; fileRef = E1686C7E1D5747DF001F3AA4 /* granclassW.png */; };
		E1686C831D5747DF001F3AA4 /* nashiW.png in Resources */ = {isa = PBXBuildFile; fileRef = E1686C7F1D5747DF001F3AA4 /* nashiW.png */; };
		E1686C841D5747DF001F3AA4 /* sankakuW.png in Resources */ = {isa = PBXBuildFile; fileRef = E1686C801D5747DF001F3AA4 /* sankakuW.png */; };
		E1686C851D5747DF001F3AA4 /* smokeW.png in Resources */ = {isa = PBXBuildFile; fileRef = E1686C811D5747DF001F3AA4 /* smokeW.png */; };
		E1686C871D57489F001F3AA4 /* nonsmokeW.png in Resources */ = {isa = PBXBuildFile; fileRef = E1686C861D57489F001F3AA4 /* nonsmokeW.png */; };
		E1686C891D5749BD001F3AA4 /* batsuW.png in Resources */ = {isa = PBXBuildFile; fileRef = E1686C881D5749BD001F3AA4 /* batsuW.png */; };
		E1686C8B1D5749C7001F3AA4 /* maru.png in Resources */ = {isa = PBXBuildFile; fileRef = E1686C8A1D5749C7001F3AA4 /* maru.png */; };
		E1686C8D1D5749CF001F3AA4 /* batsu.png in Resources */ = {isa = PBXBuildFile; fileRef = E1686C8C1D5749CF001F3AA4 /* batsu.png */; };
		E1686C8F1D5749DA001F3AA4 /* sankaku.png in Resources */ = {isa = PBXBuildFile; fileRef = E1686C8E1D5749DA001F3AA4 /* sankaku.png */; };
		E17B02881D3D92CE009A41D1 /* EastStaList.txt in Resources */ = {isa = PBXBuildFile; fileRef = E17B02811D3D92CE009A41D1 /* EastStaList.txt */; };
		E17B02891D3D92CE009A41D1 /* Group2StaList.txt in Resources */ = {isa = PBXBuildFile; fileRef = E17B02821D3D92CE009A41D1 /* Group2StaList.txt */; };
		E17B028A1D3D92CE009A41D1 /* LtdExpList.txt in Resources */ = {isa = PBXBuildFile; fileRef = E17B02831D3D92CE009A41D1 /* LtdExpList.txt */; };
		E17B028B1D3D92CE009A41D1 /* NaganoStaList.txt in Resources */ = {isa = PBXBuildFile; fileRef = E17B02841D3D92CE009A41D1 /* NaganoStaList.txt */; };
		E17B028C1D3D92CE009A41D1 /* pushcode.csv in Resources */ = {isa = PBXBuildFile; fileRef = E17B02851D3D92CE009A41D1 /* pushcode.csv */; };
		E17B028D1D3D92CE009A41D1 /* SuperExpList.txt in Resources */ = {isa = PBXBuildFile; fileRef = E17B02861D3D92CE009A41D1 /* SuperExpList.txt */; };
		E17B028E1D3D92CE009A41D1 /* TokaiStaList.txt in Resources */ = {isa = PBXBuildFile; fileRef = E17B02871D3D92CE009A41D1 /* TokaiStaList.txt */; };
		E1C92E561D3B8C8B000FC366 /* AppDelegate.swift in Sources */ = {isa = PBXBuildFile; fileRef = E1C92E551D3B8C8B000FC366 /* AppDelegate.swift */; };
		E1C92E581D3B8C8B000FC366 /* ViewController.swift in Sources */ = {isa = PBXBuildFile; fileRef = E1C92E571D3B8C8B000FC366 /* ViewController.swift */; };
		E1C92E5B1D3B8C8B000FC366 /* Main.storyboard in Resources */ = {isa = PBXBuildFile; fileRef = E1C92E591D3B8C8B000FC366 /* Main.storyboard */; };
		E1C92E5E1D3B8C8B000FC366 /* Vacancy.xcdatamodeld in Sources */ = {isa = PBXBuildFile; fileRef = E1C92E5C1D3B8C8B000FC366 /* Vacancy.xcdatamodeld */; };
		E1C92E601D3B8C8B000FC366 /* Assets.xcassets in Resources */ = {isa = PBXBuildFile; fileRef = E1C92E5F1D3B8C8B000FC366 /* Assets.xcassets */; };
		E1C92E631D3B8C8B000FC366 /* LaunchScreen.storyboard in Resources */ = {isa = PBXBuildFile; fileRef = E1C92E611D3B8C8B000FC366 /* LaunchScreen.storyboard */; };
		E1C92E6E1D3B8C8C000FC366 /* VacancyTests.swift in Sources */ = {isa = PBXBuildFile; fileRef = E1C92E6D1D3B8C8C000FC366 /* VacancyTests.swift */; };
		E1C92E791D3B8C8C000FC366 /* VacancyUITests.swift in Sources */ = {isa = PBXBuildFile; fileRef = E1C92E781D3B8C8C000FC366 /* VacancyUITests.swift */; };
		E1C92E8B1D3BB202000FC366 /* PopUpDatePickerView.swift in Sources */ = {isa = PBXBuildFile; fileRef = E1C92E881D3BB202000FC366 /* PopUpDatePickerView.swift */; };
		E1C92E8C1D3BB202000FC366 /* PopUpPickerView.swift in Sources */ = {isa = PBXBuildFile; fileRef = E1C92E891D3BB202000FC366 /* PopUpPickerView.swift */; };
		E1C92E8D1D3BB202000FC366 /* PopUpPickerViewBase.swift in Sources */ = {isa = PBXBuildFile; fileRef = E1C92E8A1D3BB202000FC366 /* PopUpPickerViewBase.swift */; };
		E1DAE41F1D58AB4D005C7F7D /* Settings.bundle in Resources */ = {isa = PBXBuildFile; fileRef = E1DAE41E1D58AB4D005C7F7D /* Settings.bundle */; };
/* End PBXBuildFile section */

/* Begin PBXContainerItemProxy section */
		E1C92E6A1D3B8C8C000FC366 /* PBXContainerItemProxy */ = {
			isa = PBXContainerItemProxy;
			containerPortal = E1C92E4A1D3B8C8B000FC366 /* Project object */;
			proxyType = 1;
			remoteGlobalIDString = E1C92E511D3B8C8B000FC366;
			remoteInfo = Vacancy;
		};
		E1C92E751D3B8C8C000FC366 /* PBXContainerItemProxy */ = {
			isa = PBXContainerItemProxy;
			containerPortal = E1C92E4A1D3B8C8B000FC366 /* Project object */;
			proxyType = 1;
			remoteGlobalIDString = E1C92E511D3B8C8B000FC366;
			remoteInfo = Vacancy;
		};
/* End PBXContainerItemProxy section */

/* Begin PBXFileReference section */
		058607050E2F3FE70E7AEDFE /* Pods-Vacancy.release.xcconfig */ = {isa = PBXFileReference; includeInIndex = 1; lastKnownFileType = text.xcconfig; name = "Pods-Vacancy.release.xcconfig"; path = "Pods/Target Support Files/Pods-Vacancy/Pods-Vacancy.release.xcconfig"; sourceTree = "<group>"; };
		51D33B97C5800FC558E9D08A /* Pods-VacancyTests.debug.xcconfig */ = {isa = PBXFileReference; includeInIndex = 1; lastKnownFileType = text.xcconfig; name = "Pods-VacancyTests.debug.xcconfig"; path = "Pods/Target Support Files/Pods-VacancyTests/Pods-VacancyTests.debug.xcconfig"; sourceTree = "<group>"; };
		54C0306973FCC82EA01089EC /* Pods-Vacancy.debug.xcconfig */ = {isa = PBXFileReference; includeInIndex = 1; lastKnownFileType = text.xcconfig; name = "Pods-Vacancy.debug.xcconfig"; path = "Pods/Target Support Files/Pods-Vacancy/Pods-Vacancy.debug.xcconfig"; sourceTree = "<group>"; };
		B2114BD053D86D13573955B3 /* Pods_Vacancy.framework */ = {isa = PBXFileReference; explicitFileType = wrapper.framework; includeInIndex = 0; path = Pods_Vacancy.framework; sourceTree = BUILT_PRODUCTS_DIR; };
		BCAEC17C0A6D1645B0CCAC3B /* Pods-VacancyTests.release.xcconfig */ = {isa = PBXFileReference; includeInIndex = 1; lastKnownFileType = text.xcconfig; name = "Pods-VacancyTests.release.xcconfig"; path = "Pods/Target Support Files/Pods-VacancyTests/Pods-VacancyTests.release.xcconfig"; sourceTree = "<group>"; };
		E101EABC1D40E712003789A5 /* TrainData.swift */ = {isa = PBXFileReference; fileEncoding = 4; lastKnownFileType = sourcecode.swift; path = TrainData.swift; sourceTree = "<group>"; };
		E101EABE1D40EE98003789A5 /* StnViewController.swift */ = {isa = PBXFileReference; fileEncoding = 4; lastKnownFileType = sourcecode.swift; path = StnViewController.swift; sourceTree = "<group>"; };
		E101EAC41D44B9DB003789A5 /* Vacancy.entitlements */ = {isa = PBXFileReference; lastKnownFileType = text.xml; path = Vacancy.entitlements; sourceTree = "<group>"; };
		E116C34C1D486F240001A231 /* vacancy.png */ = {isa = PBXFileReference; lastKnownFileType = image.png; name = vacancy.png; path = Assets.xcassets/AppIcon.appiconset/vacancy.png; sourceTree = "<group>"; };
		E144E1141D45F250002FADAA /* granclass.png */ = {isa = PBXFileReference; lastKnownFileType = image.png; path = granclass.png; sourceTree = "<group>"; };
		E144E1151D45F250002FADAA /* green.png */ = {isa = PBXFileReference; lastKnownFileType = image.png; path = green.png; sourceTree = "<group>"; };
		E144E1161D45F250002FADAA /* ltdexp.png */ = {isa = PBXFileReference; lastKnownFileType = image.png; path = ltdexp.png; sourceTree = "<group>"; };
		E144E1191D45F250002FADAA /* nonsmoke.png */ = {isa = PBXFileReference; lastKnownFileType = image.png; path = nonsmoke.png; sourceTree = "<group>"; };
		E144E11A1D45F250002FADAA /* rapid.png */ = {isa = PBXFileReference; lastKnownFileType = image.png; path = rapid.png; sourceTree = "<group>"; };
		E144E11B1D45F250002FADAA /* reserved.png */ = {isa = PBXFileReference; lastKnownFileType = image.png; path = reserved.png; sourceTree = "<group>"; };
		E144E11D1D45F250002FADAA /* smoking.png */ = {isa = PBXFileReference; lastKnownFileType = image.png; path = smoking.png; sourceTree = "<group>"; };
		E144E11E1D45F250002FADAA /* superexpress.png */ = {isa = PBXFileReference; lastKnownFileType = image.png; path = superexpress.png; sourceTree = "<group>"; };
		E144E12B1D462412002FADAA /* ResultCell.swift */ = {isa = PBXFileReference; fileEncoding = 4; lastKnownFileType = sourcecode.swift; path = ResultCell.swift; sourceTree = "<group>"; };
		E144E12D1D4628B7002FADAA /* ResultView.swift */ = {isa = PBXFileReference; fileEncoding = 4; lastKnownFileType = sourcecode.swift; path = ResultView.swift; sourceTree = "<group>"; };
		E1586E781D5214E200F62B44 /* SettingViewController.swift */ = {isa = PBXFileReference; fileEncoding = 4; lastKnownFileType = sourcecode.swift; path = SettingViewController.swift; sourceTree = "<group>"; };
		E1686C761D574799001F3AA4 /* nashi.png */ = {isa = PBXFileReference; lastKnownFileType = image.png; path = nashi.png; sourceTree = "<group>"; };
		E1686C781D5747C0001F3AA4 /* greenW.png */ = {isa = PBXFileReference; lastKnownFileType = image.png; path = greenW.png; sourceTree = "<group>"; };
		E1686C7A1D5747C9001F3AA4 /* maruW.png */ = {isa = PBXFileReference; lastKnownFileType = image.png; path = maruW.png; sourceTree = "<group>"; };
		E1686C7C1D5747D0001F3AA4 /* reservedW.png */ = {isa = PBXFileReference; lastKnownFileType = image.png; path = reservedW.png; sourceTree = "<group>"; };
		E1686C7E1D5747DF001F3AA4 /* granclassW.png */ = {isa = PBXFileReference; lastKnownFileType = image.png; path = granclassW.png; sourceTree = "<group>"; };
		E1686C7F1D5747DF001F3AA4 /* nashiW.png */ = {isa = PBXFileReference; lastKnownFileType = image.png; path = nashiW.png; sourceTree = "<group>"; };
		E1686C801D5747DF001F3AA4 /* sankakuW.png */ = {isa = PBXFileReference; lastKnownFileType = image.png; path = sankakuW.png; sourceTree = "<group>"; };
		E1686C811D5747DF001F3AA4 /* smokeW.png */ = {isa = PBXFileReference; lastKnownFileType = image.png; path = smokeW.png; sourceTree = "<group>"; };
		E1686C861D57489F001F3AA4 /* nonsmokeW.png */ = {isa = PBXFileReference; lastKnownFileType = image.png; path = nonsmokeW.png; sourceTree = "<group>"; };
		E1686C881D5749BD001F3AA4 /* batsuW.png */ = {isa = PBXFileReference; lastKnownFileType = image.png; path = batsuW.png; sourceTree = "<group>"; };
		E1686C8A1D5749C7001F3AA4 /* maru.png */ = {isa = PBXFileReference; lastKnownFileType = image.png; path = maru.png; sourceTree = "<group>"; };
		E1686C8C1D5749CF001F3AA4 /* batsu.png */ = {isa = PBXFileReference; lastKnownFileType = image.png; path = batsu.png; sourceTree = "<group>"; };
		E1686C8E1D5749DA001F3AA4 /* sankaku.png */ = {isa = PBXFileReference; lastKnownFileType = image.png; path = sankaku.png; sourceTree = "<group>"; };
		E17B02811D3D92CE009A41D1 /* EastStaList.txt */ = {isa = PBXFileReference; fileEncoding = 4; lastKnownFileType = text; path = EastStaList.txt; sourceTree = "<group>"; };
		E17B02821D3D92CE009A41D1 /* Group2StaList.txt */ = {isa = PBXFileReference; fileEncoding = 4; lastKnownFileType = text; path = Group2StaList.txt; sourceTree = "<group>"; };
		E17B02831D3D92CE009A41D1 /* LtdExpList.txt */ = {isa = PBXFileReference; fileEncoding = 4; lastKnownFileType = text; path = LtdExpList.txt; sourceTree = "<group>"; };
		E17B02841D3D92CE009A41D1 /* NaganoStaList.txt */ = {isa = PBXFileReference; fileEncoding = 4; lastKnownFileType = text; path = NaganoStaList.txt; sourceTree = "<group>"; };
		E17B02851D3D92CE009A41D1 /* pushcode.csv */ = {isa = PBXFileReference; fileEncoding = 4; lastKnownFileType = text; path = pushcode.csv; sourceTree = "<group>"; };
		E17B02861D3D92CE009A41D1 /* SuperExpList.txt */ = {isa = PBXFileReference; fileEncoding = 4; lastKnownFileType = text; path = SuperExpList.txt; sourceTree = "<group>"; };
		E17B02871D3D92CE009A41D1 /* TokaiStaList.txt */ = {isa = PBXFileReference; fileEncoding = 4; lastKnownFileType = text; path = TokaiStaList.txt; sourceTree = "<group>"; };
		E1C92E521D3B8C8B000FC366 /* Vacancy.app */ = {isa = PBXFileReference; explicitFileType = wrapper.application; includeInIndex = 0; path = Vacancy.app; sourceTree = BUILT_PRODUCTS_DIR; };
		E1C92E551D3B8C8B000FC366 /* AppDelegate.swift */ = {isa = PBXFileReference; lastKnownFileType = sourcecode.swift; path = AppDelegate.swift; sourceTree = "<group>"; };
		E1C92E571D3B8C8B000FC366 /* ViewController.swift */ = {isa = PBXFileReference; lastKnownFileType = sourcecode.swift; path = ViewController.swift; sourceTree = "<group>"; };
		E1C92E5A1D3B8C8B000FC366 /* Base */ = {isa = PBXFileReference; lastKnownFileType = file.storyboard; name = Base; path = Base.lproj/Main.storyboard; sourceTree = "<group>"; };
		E1C92E5D1D3B8C8B000FC366 /* Vacancy.xcdatamodel */ = {isa = PBXFileReference; lastKnownFileType = wrapper.xcdatamodel; path = Vacancy.xcdatamodel; sourceTree = "<group>"; };
		E1C92E5F1D3B8C8B000FC366 /* Assets.xcassets */ = {isa = PBXFileReference; lastKnownFileType = folder.assetcatalog; path = Assets.xcassets; sourceTree = "<group>"; };
		E1C92E621D3B8C8B000FC366 /* Base */ = {isa = PBXFileReference; lastKnownFileType = file.storyboard; name = Base; path = Base.lproj/LaunchScreen.storyboard; sourceTree = "<group>"; };
		E1C92E641D3B8C8B000FC366 /* Info.plist */ = {isa = PBXFileReference; lastKnownFileType = text.plist.xml; path = Info.plist; sourceTree = "<group>"; };
		E1C92E691D3B8C8C000FC366 /* VacancyTests.xctest */ = {isa = PBXFileReference; explicitFileType = wrapper.cfbundle; includeInIndex = 0; path = VacancyTests.xctest; sourceTree = BUILT_PRODUCTS_DIR; };
		E1C92E6D1D3B8C8C000FC366 /* VacancyTests.swift */ = {isa = PBXFileReference; lastKnownFileType = sourcecode.swift; path = VacancyTests.swift; sourceTree = "<group>"; };
		E1C92E6F1D3B8C8C000FC366 /* Info.plist */ = {isa = PBXFileReference; lastKnownFileType = text.plist.xml; path = Info.plist; sourceTree = "<group>"; };
		E1C92E741D3B8C8C000FC366 /* VacancyUITests.xctest */ = {isa = PBXFileReference; explicitFileType = wrapper.cfbundle; includeInIndex = 0; path = VacancyUITests.xctest; sourceTree = BUILT_PRODUCTS_DIR; };
		E1C92E781D3B8C8C000FC366 /* VacancyUITests.swift */ = {isa = PBXFileReference; lastKnownFileType = sourcecode.swift; path = VacancyUITests.swift; sourceTree = "<group>"; };
		E1C92E7A1D3B8C8C000FC366 /* Info.plist */ = {isa = PBXFileReference; lastKnownFileType = text.plist.xml; path = Info.plist; sourceTree = "<group>"; };
		E1C92E881D3BB202000FC366 /* PopUpDatePickerView.swift */ = {isa = PBXFileReference; fileEncoding = 4; lastKnownFileType = sourcecode.swift; path = PopUpDatePickerView.swift; sourceTree = "<group>"; };
		E1C92E891D3BB202000FC366 /* PopUpPickerView.swift */ = {isa = PBXFileReference; fileEncoding = 4; lastKnownFileType = sourcecode.swift; path = PopUpPickerView.swift; sourceTree = "<group>"; };
		E1C92E8A1D3BB202000FC366 /* PopUpPickerViewBase.swift */ = {isa = PBXFileReference; fileEncoding = 4; lastKnownFileType = sourcecode.swift; path = PopUpPickerViewBase.swift; sourceTree = "<group>"; };
		E1DAE41E1D58AB4D005C7F7D /* Settings.bundle */ = {isa = PBXFileReference; lastKnownFileType = "wrapper.plug-in"; path = Settings.bundle; sourceTree = "<group>"; };
		F8DF6F48D82ABABE740BD67C /* Pods_VacancyTests.framework */ = {isa = PBXFileReference; explicitFileType = wrapper.framework; includeInIndex = 0; path = Pods_VacancyTests.framework; sourceTree = BUILT_PRODUCTS_DIR; };
/* End PBXFileReference section */

/* Begin PBXFrameworksBuildPhase section */
		E1C92E4F1D3B8C8B000FC366 /* Frameworks */ = {
			isa = PBXFrameworksBuildPhase;
			buildActionMask = 2147483647;
			files = (
				D244B2C5F306E6AF3DBC6FE3 /* Pods_Vacancy.framework in Frameworks */,
			);
			runOnlyForDeploymentPostprocessing = 0;
		};
		E1C92E661D3B8C8C000FC366 /* Frameworks */ = {
			isa = PBXFrameworksBuildPhase;
			buildActionMask = 2147483647;
			files = (
				D4280ED0252DA6E7D8A05762 /* Pods_VacancyTests.framework in Frameworks */,
			);
			runOnlyForDeploymentPostprocessing = 0;
		};
		E1C92E711D3B8C8C000FC366 /* Frameworks */ = {
			isa = PBXFrameworksBuildPhase;
			buildActionMask = 2147483647;
			files = (
			);
			runOnlyForDeploymentPostprocessing = 0;
		};
/* End PBXFrameworksBuildPhase section */

/* Begin PBXGroup section */
		0A6873C00F053AE1CBEAC401 /* Frameworks */ = {
			isa = PBXGroup;
			children = (
				B2114BD053D86D13573955B3 /* Pods_Vacancy.framework */,
				F8DF6F48D82ABABE740BD67C /* Pods_VacancyTests.framework */,
			);
			name = Frameworks;
			sourceTree = "<group>";
		};
		CEC71D1DADD0B64AD9F353B7 /* Pods */ = {
			isa = PBXGroup;
			children = (
				54C0306973FCC82EA01089EC /* Pods-Vacancy.debug.xcconfig */,
				058607050E2F3FE70E7AEDFE /* Pods-Vacancy.release.xcconfig */,
				51D33B97C5800FC558E9D08A /* Pods-VacancyTests.debug.xcconfig */,
				BCAEC17C0A6D1645B0CCAC3B /* Pods-VacancyTests.release.xcconfig */,
			);
			name = Pods;
			sourceTree = "<group>";
		};
		E144E1121D45EFB7002FADAA /* Resource */ = {
			isa = PBXGroup;
			children = (
				E1686C8E1D5749DA001F3AA4 /* sankaku.png */,
				E1686C8C1D5749CF001F3AA4 /* batsu.png */,
				E1686C8A1D5749C7001F3AA4 /* maru.png */,
				E1686C881D5749BD001F3AA4 /* batsuW.png */,
				E1686C861D57489F001F3AA4 /* nonsmokeW.png */,
				E1686C7E1D5747DF001F3AA4 /* granclassW.png */,
				E1686C7F1D5747DF001F3AA4 /* nashiW.png */,
				E1686C801D5747DF001F3AA4 /* sankakuW.png */,
				E1686C811D5747DF001F3AA4 /* smokeW.png */,
				E1686C7C1D5747D0001F3AA4 /* reservedW.png */,
				E1686C7A1D5747C9001F3AA4 /* maruW.png */,
				E1686C781D5747C0001F3AA4 /* greenW.png */,
				E1686C761D574799001F3AA4 /* nashi.png */,
				E116C34C1D486F240001A231 /* vacancy.png */,
				E144E1141D45F250002FADAA /* granclass.png */,
				E144E1151D45F250002FADAA /* green.png */,
				E144E1161D45F250002FADAA /* ltdexp.png */,
				E144E1191D45F250002FADAA /* nonsmoke.png */,
				E144E11A1D45F250002FADAA /* rapid.png */,
				E144E11B1D45F250002FADAA /* reserved.png */,
				E144E11D1D45F250002FADAA /* smoking.png */,
				E144E11E1D45F250002FADAA /* superexpress.png */,
			);
			name = Resource;
			sourceTree = "<group>";
		};
		E17B02801D3D9269009A41D1 /* assets */ = {
			isa = PBXGroup;
			children = (
				E17B02811D3D92CE009A41D1 /* EastStaList.txt */,
				E17B02821D3D92CE009A41D1 /* Group2StaList.txt */,
				E17B02831D3D92CE009A41D1 /* LtdExpList.txt */,
				E17B02841D3D92CE009A41D1 /* NaganoStaList.txt */,
				E17B02851D3D92CE009A41D1 /* pushcode.csv */,
				E17B02861D3D92CE009A41D1 /* SuperExpList.txt */,
				E17B02871D3D92CE009A41D1 /* TokaiStaList.txt */,
			);
			name = assets;
			sourceTree = "<group>";
		};
		E1C92E491D3B8C8B000FC366 = {
			isa = PBXGroup;
			children = (
				E1DAE41E1D58AB4D005C7F7D /* Settings.bundle */,
				E1C92E541D3B8C8B000FC366 /* Vacancy */,
				E1C92E6C1D3B8C8C000FC366 /* VacancyTests */,
				E1C92E771D3B8C8C000FC366 /* VacancyUITests */,
				E1C92E531D3B8C8B000FC366 /* Products */,
				CEC71D1DADD0B64AD9F353B7 /* Pods */,
				0A6873C00F053AE1CBEAC401 /* Frameworks */,
			);
			sourceTree = "<group>";
		};
		E1C92E531D3B8C8B000FC366 /* Products */ = {
			isa = PBXGroup;
			children = (
				E1C92E521D3B8C8B000FC366 /* Vacancy.app */,
				E1C92E691D3B8C8C000FC366 /* VacancyTests.xctest */,
				E1C92E741D3B8C8C000FC366 /* VacancyUITests.xctest */,
			);
			name = Products;
			sourceTree = "<group>";
		};
		E1C92E541D3B8C8B000FC366 /* Vacancy */ = {
			isa = PBXGroup;
			children = (
				E144E1121D45EFB7002FADAA /* Resource */,
				E101EAC41D44B9DB003789A5 /* Vacancy.entitlements */,
				E17B02801D3D9269009A41D1 /* assets */,
				E1C92E551D3B8C8B000FC366 /* AppDelegate.swift */,
				E1C92E571D3B8C8B000FC366 /* ViewController.swift */,
				E1C92E881D3BB202000FC366 /* PopUpDatePickerView.swift */,
				E1C92E5C1D3B8C8B000FC366 /* Vacancy.xcdatamodeld */,
				E1C92E891D3BB202000FC366 /* PopUpPickerView.swift */,
				E1C92E8A1D3BB202000FC366 /* PopUpPickerViewBase.swift */,
				E1C92E591D3B8C8B000FC366 /* Main.storyboard */,
				E1C92E5F1D3B8C8B000FC366 /* Assets.xcassets */,
				E1C92E611D3B8C8B000FC366 /* LaunchScreen.storyboard */,
				E1C92E641D3B8C8B000FC366 /* Info.plist */,
				E101EABC1D40E712003789A5 /* TrainData.swift */,
				E101EABE1D40EE98003789A5 /* StnViewController.swift */,
				E144E12B1D462412002FADAA /* ResultCell.swift */,
				E144E12D1D4628B7002FADAA /* ResultView.swift */,
				E1586E781D5214E200F62B44 /* SettingViewController.swift */,
			);
			path = Vacancy;
			sourceTree = "<group>";
		};
		E1C92E6C1D3B8C8C000FC366 /* VacancyTests */ = {
			isa = PBXGroup;
			children = (
				E1C92E6D1D3B8C8C000FC366 /* VacancyTests.swift */,
				E1C92E6F1D3B8C8C000FC366 /* Info.plist */,
			);
			path = VacancyTests;
			sourceTree = "<group>";
		};
		E1C92E771D3B8C8C000FC366 /* VacancyUITests */ = {
			isa = PBXGroup;
			children = (
				E1C92E781D3B8C8C000FC366 /* VacancyUITests.swift */,
				E1C92E7A1D3B8C8C000FC366 /* Info.plist */,
			);
			path = VacancyUITests;
			sourceTree = "<group>";
		};
/* End PBXGroup section */

/* Begin PBXNativeTarget section */
		E1C92E511D3B8C8B000FC366 /* Vacancy */ = {
			isa = PBXNativeTarget;
			buildConfigurationList = E1C92E7D1D3B8C8C000FC366 /* Build configuration list for PBXNativeTarget "Vacancy" */;
			buildPhases = (
				45B4D71680BF7561DB1FB64C /* [CP] Check Pods Manifest.lock */,
				E1C92E4E1D3B8C8B000FC366 /* Sources */,
				E1C92E4F1D3B8C8B000FC366 /* Frameworks */,
				E1C92E501D3B8C8B000FC366 /* Resources */,
				B0DB67D542022E1464063D9A /* [CP] Embed Pods Frameworks */,
				76E3CD1FEEAD6C1B8CA54CA7 /* [CP] Copy Pods Resources */,
			);
			buildRules = (
			);
			dependencies = (
			);
			name = Vacancy;
			productName = Vacancy;
			productReference = E1C92E521D3B8C8B000FC366 /* Vacancy.app */;
			productType = "com.apple.product-type.application";
		};
		E1C92E681D3B8C8C000FC366 /* VacancyTests */ = {
			isa = PBXNativeTarget;
			buildConfigurationList = E1C92E801D3B8C8C000FC366 /* Build configuration list for PBXNativeTarget "VacancyTests" */;
			buildPhases = (
				7FDC421BB00E11C258790432 /* [CP] Check Pods Manifest.lock */,
				E1C92E651D3B8C8C000FC366 /* Sources */,
				E1C92E661D3B8C8C000FC366 /* Frameworks */,
				E1C92E671D3B8C8C000FC366 /* Resources */,
				AE3EACEE80EDAC3C960929D3 /* [CP] Embed Pods Frameworks */,
				22C952E00D610CDFD3B968FB /* [CP] Copy Pods Resources */,
			);
			buildRules = (
			);
			dependencies = (
				E1C92E6B1D3B8C8C000FC366 /* PBXTargetDependency */,
			);
			name = VacancyTests;
			productName = VacancyTests;
			productReference = E1C92E691D3B8C8C000FC366 /* VacancyTests.xctest */;
			productType = "com.apple.product-type.bundle.unit-test";
		};
		E1C92E731D3B8C8C000FC366 /* VacancyUITests */ = {
			isa = PBXNativeTarget;
			buildConfigurationList = E1C92E831D3B8C8C000FC366 /* Build configuration list for PBXNativeTarget "VacancyUITests" */;
			buildPhases = (
				E1C92E701D3B8C8C000FC366 /* Sources */,
				E1C92E711D3B8C8C000FC366 /* Frameworks */,
				E1C92E721D3B8C8C000FC366 /* Resources */,
			);
			buildRules = (
			);
			dependencies = (
				E1C92E761D3B8C8C000FC366 /* PBXTargetDependency */,
			);
			name = VacancyUITests;
			productName = VacancyUITests;
			productReference = E1C92E741D3B8C8C000FC366 /* VacancyUITests.xctest */;
			productType = "com.apple.product-type.bundle.ui-testing";
		};
/* End PBXNativeTarget section */

/* Begin PBXProject section */
		E1C92E4A1D3B8C8B000FC366 /* Project object */ = {
			isa = PBXProject;
			attributes = {
				LastSwiftUpdateCheck = 0730;
				LastUpgradeCheck = 0730;
				ORGANIZATIONNAME = "田中葵";
				TargetAttributes = {
					E1C92E511D3B8C8B000FC366 = {
						CreatedOnToolsVersion = 7.3.1;
						DevelopmentTeam = VCXQC2Y5WS;
						SystemCapabilities = {
							com.apple.WAC = {
								enabled = 0;
							};
						};
					};
					E1C92E681D3B8C8C000FC366 = {
						CreatedOnToolsVersion = 7.3.1;
						DevelopmentTeam = VCXQC2Y5WS;
						TestTargetID = E1C92E511D3B8C8B000FC366;
					};
					E1C92E731D3B8C8C000FC366 = {
						CreatedOnToolsVersion = 7.3.1;
						DevelopmentTeam = VCXQC2Y5WS;
						TestTargetID = E1C92E511D3B8C8B000FC366;
					};
				};
			};
			buildConfigurationList = E1C92E4D1D3B8C8B000FC366 /* Build configuration list for PBXProject "Vacancy" */;
			compatibilityVersion = "Xcode 3.2";
			developmentRegion = English;
			hasScannedForEncodings = 0;
			knownRegions = (
				en,
				Base,
			);
			mainGroup = E1C92E491D3B8C8B000FC366;
			productRefGroup = E1C92E531D3B8C8B000FC366 /* Products */;
			projectDirPath = "";
			projectRoot = "";
			targets = (
				E1C92E511D3B8C8B000FC366 /* Vacancy */,
				E1C92E681D3B8C8C000FC366 /* VacancyTests */,
				E1C92E731D3B8C8C000FC366 /* VacancyUITests */,
			);
		};
/* End PBXProject section */

/* Begin PBXResourcesBuildPhase section */
		E1C92E501D3B8C8B000FC366 /* Resources */ = {
			isa = PBXResourcesBuildPhase;
			buildActionMask = 2147483647;
			files = (
				E144E1251D45F250002FADAA /* nonsmoke.png in Resources */,
				E144E1221D45F250002FADAA /* ltdexp.png in Resources */,
				E1686C7B1D5747C9001F3AA4 /* maruW.png in Resources */,
				E17B028B1D3D92CE009A41D1 /* NaganoStaList.txt in Resources */,
				E144E1201D45F250002FADAA /* granclass.png in Resources */,
				E1686C871D57489F001F3AA4 /* nonsmokeW.png in Resources */,
				E17B028C1D3D92CE009A41D1 /* pushcode.csv in Resources */,
				E1686C791D5747C0001F3AA4 /* greenW.png in Resources */,
				E1C92E631D3B8C8B000FC366 /* LaunchScreen.storyboard in Resources */,
				E144E12A1D45F250002FADAA /* superexpress.png in Resources */,
				E1C92E601D3B8C8B000FC366 /* Assets.xcassets in Resources */,
				E17B02881D3D92CE009A41D1 /* EastStaList.txt in Resources */,
				E1686C8F1D5749DA001F3AA4 /* sankaku.png in Resources */,
				E1C92E5B1D3B8C8B000FC366 /* Main.storyboard in Resources */,
				E1686C8D1D5749CF001F3AA4 /* batsu.png in Resources */,
				E1686C7D1D5747D1001F3AA4 /* reservedW.png in Resources */,
				E144E1261D45F250002FADAA /* rapid.png in Resources */,
				E17B028E1D3D92CE009A41D1 /* TokaiStaList.txt in Resources */,
				E144E1291D45F250002FADAA /* smoking.png in Resources */,
				E144E1211D45F250002FADAA /* green.png in Resources */,
				E116C34D1D486F240001A231 /* vacancy.png in Resources */,
				E1686C771D574799001F3AA4 /* nashi.png in Resources */,
				E144E1271D45F250002FADAA /* reserved.png in Resources */,
				E1686C891D5749BD001F3AA4 /* batsuW.png in Resources */,
				E1686C831D5747DF001F3AA4 /* nashiW.png in Resources */,
				E17B02891D3D92CE009A41D1 /* Group2StaList.txt in Resources */,
				E17B028D1D3D92CE009A41D1 /* SuperExpList.txt in Resources */,
				E1686C851D5747DF001F3AA4 /* smokeW.png in Resources */,
				E1686C8B1D5749C7001F3AA4 /* maru.png in Resources */,
				E1686C821D5747DF001F3AA4 /* granclassW.png in Resources */,
				E1686C841D5747DF001F3AA4 /* sankakuW.png in Resources */,
				E1DAE41F1D58AB4D005C7F7D /* Settings.bundle in Resources */,
				E17B028A1D3D92CE009A41D1 /* LtdExpList.txt in Resources */,
			);
			runOnlyForDeploymentPostprocessing = 0;
		};
		E1C92E671D3B8C8C000FC366 /* Resources */ = {
			isa = PBXResourcesBuildPhase;
			buildActionMask = 2147483647;
			files = (
			);
			runOnlyForDeploymentPostprocessing = 0;
		};
		E1C92E721D3B8C8C000FC366 /* Resources */ = {
			isa = PBXResourcesBuildPhase;
			buildActionMask = 2147483647;
			files = (
			);
			runOnlyForDeploymentPostprocessing = 0;
		};
/* End PBXResourcesBuildPhase section */

/* Begin PBXShellScriptBuildPhase section */
		22C952E00D610CDFD3B968FB /* [CP] Copy Pods Resources */ = {
			isa = PBXShellScriptBuildPhase;
			buildActionMask = 2147483647;
			files = (
			);
			inputPaths = (
			);
			name = "[CP] Copy Pods Resources";
			outputPaths = (
			);
			runOnlyForDeploymentPostprocessing = 0;
			shellPath = /bin/sh;
			shellScript = "\"${SRCROOT}/Pods/Target Support Files/Pods-VacancyTests/Pods-VacancyTests-resources.sh\"\n";
			showEnvVarsInLog = 0;
		};
		45B4D71680BF7561DB1FB64C /* [CP] Check Pods Manifest.lock */ = {
			isa = PBXShellScriptBuildPhase;
			buildActionMask = 2147483647;
			files = (
			);
			inputPaths = (
			);
			name = "[CP] Check Pods Manifest.lock";
			outputPaths = (
			);
			runOnlyForDeploymentPostprocessing = 0;
			shellPath = /bin/sh;
			shellScript = "diff \"${PODS_ROOT}/../Podfile.lock\" \"${PODS_ROOT}/Manifest.lock\" > /dev/null\nif [[ $? != 0 ]] ; then\n    cat << EOM\nerror: The sandbox is not in sync with the Podfile.lock. Run 'pod install' or update your CocoaPods installation.\nEOM\n    exit 1\nfi\n";
			showEnvVarsInLog = 0;
		};
		76E3CD1FEEAD6C1B8CA54CA7 /* [CP] Copy Pods Resources */ = {
			isa = PBXShellScriptBuildPhase;
			buildActionMask = 2147483647;
			files = (
			);
			inputPaths = (
			);
			name = "[CP] Copy Pods Resources";
			outputPaths = (
			);
			runOnlyForDeploymentPostprocessing = 0;
			shellPath = /bin/sh;
			shellScript = "\"${SRCROOT}/Pods/Target Support Files/Pods-Vacancy/Pods-Vacancy-resources.sh\"\n";
			showEnvVarsInLog = 0;
		};
		7FDC421BB00E11C258790432 /* [CP] Check Pods Manifest.lock */ = {
			isa = PBXShellScriptBuildPhase;
			buildActionMask = 2147483647;
			files = (
			);
			inputPaths = (
			);
			name = "[CP] Check Pods Manifest.lock";
			outputPaths = (
			);
			runOnlyForDeploymentPostprocessing = 0;
			shellPath = /bin/sh;
			shellScript = "diff \"${PODS_ROOT}/../Podfile.lock\" \"${PODS_ROOT}/Manifest.lock\" > /dev/null\nif [[ $? != 0 ]] ; then\n    cat << EOM\nerror: The sandbox is not in sync with the Podfile.lock. Run 'pod install' or update your CocoaPods installation.\nEOM\n    exit 1\nfi\n";
			showEnvVarsInLog = 0;
		};
		AE3EACEE80EDAC3C960929D3 /* [CP] Embed Pods Frameworks */ = {
			isa = PBXShellScriptBuildPhase;
			buildActionMask = 2147483647;
			files = (
			);
			inputPaths = (
			);
			name = "[CP] Embed Pods Frameworks";
			outputPaths = (
			);
			runOnlyForDeploymentPostprocessing = 0;
			shellPath = /bin/sh;
			shellScript = "\"${SRCROOT}/Pods/Target Support Files/Pods-VacancyTests/Pods-VacancyTests-frameworks.sh\"\n";
			showEnvVarsInLog = 0;
		};
		B0DB67D542022E1464063D9A /* [CP] Embed Pods Frameworks */ = {
			isa = PBXShellScriptBuildPhase;
			buildActionMask = 2147483647;
			files = (
			);
			inputPaths = (
			);
			name = "[CP] Embed Pods Frameworks";
			outputPaths = (
			);
			runOnlyForDeploymentPostprocessing = 0;
			shellPath = /bin/sh;
			shellScript = "\"${SRCROOT}/Pods/Target Support Files/Pods-Vacancy/Pods-Vacancy-frameworks.sh\"\n";
			showEnvVarsInLog = 0;
		};
/* End PBXShellScriptBuildPhase section */

/* Begin PBXSourcesBuildPhase section */
		E1C92E4E1D3B8C8B000FC366 /* Sources */ = {
			isa = PBXSourcesBuildPhase;
			buildActionMask = 2147483647;
			files = (
				E1C92E8D1D3BB202000FC366 /* PopUpPickerViewBase.swift in Sources */,
				E1586E791D5214E200F62B44 /* SettingViewController.swift in Sources */,
				E1C92E5E1D3B8C8B000FC366 /* Vacancy.xcdatamodeld in Sources */,
				E1C92E8C1D3BB202000FC366 /* PopUpPickerView.swift in Sources */,
				E1C92E581D3B8C8B000FC366 /* ViewController.swift in Sources */,
				E1C92E561D3B8C8B000FC366 /* AppDelegate.swift in Sources */,
				E144E12C1D462412002FADAA /* ResultCell.swift in Sources */,
				E1C92E8B1D3BB202000FC366 /* PopUpDatePickerView.swift in Sources */,
				E144E12E1D4628B7002FADAA /* ResultView.swift in Sources */,
				E101EABF1D40EE98003789A5 /* StnViewController.swift in Sources */,
				E101EABD1D40E712003789A5 /* TrainData.swift in Sources */,
			);
			runOnlyForDeploymentPostprocessing = 0;
		};
		E1C92E651D3B8C8C000FC366 /* Sources */ = {
			isa = PBXSourcesBuildPhase;
			buildActionMask = 2147483647;
			files = (
				E1C92E6E1D3B8C8C000FC366 /* VacancyTests.swift in Sources */,
			);
			runOnlyForDeploymentPostprocessing = 0;
		};
		E1C92E701D3B8C8C000FC366 /* Sources */ = {
			isa = PBXSourcesBuildPhase;
			buildActionMask = 2147483647;
			files = (
				E1C92E791D3B8C8C000FC366 /* VacancyUITests.swift in Sources */,
			);
			runOnlyForDeploymentPostprocessing = 0;
		};
/* End PBXSourcesBuildPhase section */

/* Begin PBXTargetDependency section */
		E1C92E6B1D3B8C8C000FC366 /* PBXTargetDependency */ = {
			isa = PBXTargetDependency;
			target = E1C92E511D3B8C8B000FC366 /* Vacancy */;
			targetProxy = E1C92E6A1D3B8C8C000FC366 /* PBXContainerItemProxy */;
		};
		E1C92E761D3B8C8C000FC366 /* PBXTargetDependency */ = {
			isa = PBXTargetDependency;
			target = E1C92E511D3B8C8B000FC366 /* Vacancy */;
			targetProxy = E1C92E751D3B8C8C000FC366 /* PBXContainerItemProxy */;
		};
/* End PBXTargetDependency section */

/* Begin PBXVariantGroup section */
		E1C92E591D3B8C8B000FC366 /* Main.storyboard */ = {
			isa = PBXVariantGroup;
			children = (
				E1C92E5A1D3B8C8B000FC366 /* Base */,
			);
			name = Main.storyboard;
			sourceTree = "<group>";
		};
		E1C92E611D3B8C8B000FC366 /* LaunchScreen.storyboard */ = {
			isa = PBXVariantGroup;
			children = (
				E1C92E621D3B8C8B000FC366 /* Base */,
			);
			name = LaunchScreen.storyboard;
			sourceTree = "<group>";
		};
/* End PBXVariantGroup section */

/* Begin XCBuildConfiguration section */
		E1C92E7B1D3B8C8C000FC366 /* Debug */ = {
			isa = XCBuildConfiguration;
			buildSettings = {
				ALWAYS_SEARCH_USER_PATHS = NO;
				CLANG_ANALYZER_NONNULL = YES;
				CLANG_CXX_LANGUAGE_STANDARD = "gnu++0x";
				CLANG_CXX_LIBRARY = "libc++";
				CLANG_ENABLE_MODULES = YES;
				CLANG_ENABLE_OBJC_ARC = YES;
				CLANG_WARN_BOOL_CONVERSION = YES;
				CLANG_WARN_CONSTANT_CONVERSION = YES;
				CLANG_WARN_DIRECT_OBJC_ISA_USAGE = YES_ERROR;
				CLANG_WARN_EMPTY_BODY = YES;
				CLANG_WARN_ENUM_CONVERSION = YES;
				CLANG_WARN_INT_CONVERSION = YES;
				CLANG_WARN_OBJC_ROOT_CLASS = YES_ERROR;
				CLANG_WARN_UNREACHABLE_CODE = YES;
				CLANG_WARN__DUPLICATE_METHOD_MATCH = YES;
				"CODE_SIGN_IDENTITY[sdk=iphoneos*]" = "iPhone Developer";
				COPY_PHASE_STRIP = NO;
				DEBUG_INFORMATION_FORMAT = dwarf;
				ENABLE_STRICT_OBJC_MSGSEND = YES;
				ENABLE_TESTABILITY = YES;
				GCC_C_LANGUAGE_STANDARD = gnu99;
				GCC_DYNAMIC_NO_PIC = NO;
				GCC_NO_COMMON_BLOCKS = YES;
				GCC_OPTIMIZATION_LEVEL = 0;
				GCC_PREPROCESSOR_DEFINITIONS = (
					"DEBUG=1",
					"$(inherited)",
				);
				GCC_WARN_64_TO_32_BIT_CONVERSION = YES;
				GCC_WARN_ABOUT_RETURN_TYPE = YES_ERROR;
				GCC_WARN_UNDECLARED_SELECTOR = YES;
				GCC_WARN_UNINITIALIZED_AUTOS = YES_AGGRESSIVE;
				GCC_WARN_UNUSED_FUNCTION = YES;
				GCC_WARN_UNUSED_VARIABLE = YES;
				IPHONEOS_DEPLOYMENT_TARGET = 9.3;
				MTL_ENABLE_DEBUG_INFO = YES;
				ONLY_ACTIVE_ARCH = YES;
				SDKROOT = iphoneos;
				SWIFT_OPTIMIZATION_LEVEL = "-Onone";
			};
			name = Debug;
		};
		E1C92E7C1D3B8C8C000FC366 /* Release */ = {
			isa = XCBuildConfiguration;
			buildSettings = {
				ALWAYS_SEARCH_USER_PATHS = NO;
				CLANG_ANALYZER_NONNULL = YES;
				CLANG_CXX_LANGUAGE_STANDARD = "gnu++0x";
				CLANG_CXX_LIBRARY = "libc++";
				CLANG_ENABLE_MODULES = YES;
				CLANG_ENABLE_OBJC_ARC = YES;
				CLANG_WARN_BOOL_CONVERSION = YES;
				CLANG_WARN_CONSTANT_CONVERSION = YES;
				CLANG_WARN_DIRECT_OBJC_ISA_USAGE = YES_ERROR;
				CLANG_WARN_EMPTY_BODY = YES;
				CLANG_WARN_ENUM_CONVERSION = YES;
				CLANG_WARN_INT_CONVERSION = YES;
				CLANG_WARN_OBJC_ROOT_CLASS = YES_ERROR;
				CLANG_WARN_UNREACHABLE_CODE = YES;
				CLANG_WARN__DUPLICATE_METHOD_MATCH = YES;
				"CODE_SIGN_IDENTITY[sdk=iphoneos*]" = "iPhone Developer";
				COPY_PHASE_STRIP = NO;
				DEBUG_INFORMATION_FORMAT = "dwarf-with-dsym";
				ENABLE_NS_ASSERTIONS = NO;
				ENABLE_STRICT_OBJC_MSGSEND = YES;
				GCC_C_LANGUAGE_STANDARD = gnu99;
				GCC_NO_COMMON_BLOCKS = YES;
				GCC_WARN_64_TO_32_BIT_CONVERSION = YES;
				GCC_WARN_ABOUT_RETURN_TYPE = YES_ERROR;
				GCC_WARN_UNDECLARED_SELECTOR = YES;
				GCC_WARN_UNINITIALIZED_AUTOS = YES_AGGRESSIVE;
				GCC_WARN_UNUSED_FUNCTION = YES;
				GCC_WARN_UNUSED_VARIABLE = YES;
				IPHONEOS_DEPLOYMENT_TARGET = 9.3;
				MTL_ENABLE_DEBUG_INFO = NO;
				SDKROOT = iphoneos;
				VALIDATE_PRODUCT = YES;
			};
			name = Release;
		};
		E1C92E7E1D3B8C8C000FC366 /* Debug */ = {
			isa = XCBuildConfiguration;
			baseConfigurationReference = 54C0306973FCC82EA01089EC /* Pods-Vacancy.debug.xcconfig */;
			buildSettings = {
				ASSETCATALOG_COMPILER_APPICON_NAME = AppIcon;
				CODE_SIGN_IDENTITY = "iPhone Developer";
				"CODE_SIGN_IDENTITY[sdk=iphoneos*]" = "iPhone Developer";
				INFOPLIST_FILE = Vacancy/Info.plist;
				IPHONEOS_DEPLOYMENT_TARGET = 9.3;
				LD_RUNPATH_SEARCH_PATHS = "$(inherited) @executable_path/Frameworks";
				PRODUCT_BUNDLE_IDENTIFIER = "jp.gr.java-conf.aoisupersix";
				PRODUCT_NAME = "$(TARGET_NAME)";
				PROVISIONING_PROFILE = "";
				TARGETED_DEVICE_FAMILY = 1;
			};
			name = Debug;
		};
		E1C92E7F1D3B8C8C000FC366 /* Release */ = {
			isa = XCBuildConfiguration;
			baseConfigurationReference = 058607050E2F3FE70E7AEDFE /* Pods-Vacancy.release.xcconfig */;
			buildSettings = {
				ASSETCATALOG_COMPILER_APPICON_NAME = AppIcon;
				CODE_SIGN_IDENTITY = "iPhone Developer";
				"CODE_SIGN_IDENTITY[sdk=iphoneos*]" = "iPhone Developer";
				INFOPLIST_FILE = Vacancy/Info.plist;
				IPHONEOS_DEPLOYMENT_TARGET = 9.3;
				LD_RUNPATH_SEARCH_PATHS = "$(inherited) @executable_path/Frameworks";
				PRODUCT_BUNDLE_IDENTIFIER = "jp.gr.java-conf.aoisupersix";
				PRODUCT_NAME = "$(TARGET_NAME)";
				PROVISIONING_PROFILE = "";
				TARGETED_DEVICE_FAMILY = 1;
			};
			name = Release;
		};
		E1C92E811D3B8C8C000FC366 /* Debug */ = {
			isa = XCBuildConfiguration;
			baseConfigurationReference = 51D33B97C5800FC558E9D08A /* Pods-VacancyTests.debug.xcconfig */;
			buildSettings = {
				BUNDLE_LOADER = "$(TEST_HOST)";
				INFOPLIST_FILE = VacancyTests/Info.plist;
				LD_RUNPATH_SEARCH_PATHS = "$(inherited) @executable_path/Frameworks @loader_path/Frameworks";
				PRODUCT_BUNDLE_IDENTIFIER = "jp.gr.java-conf.aoisupersix.VacancyTests";
				PRODUCT_NAME = "$(TARGET_NAME)";
				TEST_HOST = "$(BUILT_PRODUCTS_DIR)/Vacancy.app/Vacancy";
			};
			name = Debug;
		};
		E1C92E821D3B8C8C000FC366 /* Release */ = {
			isa = XCBuildConfiguration;
			baseConfigurationReference = BCAEC17C0A6D1645B0CCAC3B /* Pods-VacancyTests.release.xcconfig */;
			buildSettings = {
				BUNDLE_LOADER = "$(TEST_HOST)";
				INFOPLIST_FILE = VacancyTests/Info.plist;
				LD_RUNPATH_SEARCH_PATHS = "$(inherited) @executable_path/Frameworks @loader_path/Frameworks";
				PRODUCT_BUNDLE_IDENTIFIER = "jp.gr.java-conf.aoisupersix.VacancyTests";
				PRODUCT_NAME = "$(TARGET_NAME)";
				TEST_HOST = "$(BUILT_PRODUCTS_DIR)/Vacancy.app/Vacancy";
			};
			name = Release;
		};
		E1C92E841D3B8C8C000FC366 /* Debug */ = {
			isa = XCBuildConfiguration;
			buildSettings = {
				INFOPLIST_FILE = VacancyUITests/Info.plist;
				LD_RUNPATH_SEARCH_PATHS = "$(inherited) @executable_path/Frameworks @loader_path/Frameworks";
				PRODUCT_BUNDLE_IDENTIFIER = "jp.gr.java-conf.aoisupersix.VacancyUITests";
				PRODUCT_NAME = "$(TARGET_NAME)";
				TEST_TARGET_NAME = Vacancy;
			};
			name = Debug;
		};
		E1C92E851D3B8C8C000FC366 /* Release */ = {
			isa = XCBuildConfiguration;
			buildSettings = {
				INFOPLIST_FILE = VacancyUITests/Info.plist;
				LD_RUNPATH_SEARCH_PATHS = "$(inherited) @executable_path/Frameworks @loader_path/Frameworks";
				PRODUCT_BUNDLE_IDENTIFIER = "jp.gr.java-conf.aoisupersix.VacancyUITests";
				PRODUCT_NAME = "$(TARGET_NAME)";
				TEST_TARGET_NAME = Vacancy;
			};
			name = Release;
		};
/* End XCBuildConfiguration section */

/* Begin XCConfigurationList section */
		E1C92E4D1D3B8C8B000FC366 /* Build configuration list for PBXProject "Vacancy" */ = {
			isa = XCConfigurationList;
			buildConfigurations = (
				E1C92E7B1D3B8C8C000FC366 /* Debug */,
				E1C92E7C1D3B8C8C000FC366 /* Release */,
			);
			defaultConfigurationIsVisible = 0;
			defaultConfigurationName = Release;
		};
		E1C92E7D1D3B8C8C000FC366 /* Build configuration list for PBXNativeTarget "Vacancy" */ = {
			isa = XCConfigurationList;
			buildConfigurations = (
				E1C92E7E1D3B8C8C000FC366 /* Debug */,
				E1C92E7F1D3B8C8C000FC366 /* Release */,
			);
			defaultConfigurationIsVisible = 0;
			defaultConfigurationName = Release;
		};
		E1C92E801D3B8C8C000FC366 /* Build configuration list for PBXNativeTarget "VacancyTests" */ = {
			isa = XCConfigurationList;
			buildConfigurations = (
				E1C92E811D3B8C8C000FC366 /* Debug */,
				E1C92E821D3B8C8C000FC366 /* Release */,
			);
			defaultConfigurationIsVisible = 0;
			defaultConfigurationName = Release;
		};
		E1C92E831D3B8C8C000FC366 /* Build configuration list for PBXNativeTarget "VacancyUITests" */ = {
			isa = XCConfigurationList;
			buildConfigurations = (
				E1C92E841D3B8C8C000FC366 /* Debug */,
				E1C92E851D3B8C8C000FC366 /* Release */,
			);
			defaultConfigurationIsVisible = 0;
			defaultConfigurationName = Release;
		};
/* End XCConfigurationList section */

/* Begin XCVersionGroup section */
		E1C92E5C1D3B8C8B000FC366 /* Vacancy.xcdatamodeld */ = {
			isa = XCVersionGroup;
			children = (
				E1C92E5D1D3B8C8B000FC366 /* Vacancy.xcdatamodel */,
			);
			currentVersion = E1C92E5D1D3B8C8B000FC366 /* Vacancy.xcdatamodel */;
			path = Vacancy.xcdatamodeld;
			sourceTree = "<group>";
			versionGroupType = wrapper.xcdatamodel;
		};
/* End XCVersionGroup section */
	};
	rootObject = E1C92E4A1D3B8C8B000FC366 /* Project object */;
}
