// !$*UTF8*$!
{
	archiveVersion = 1;
	classes = {
	};
	objectVersion = 47;
	objects = {

/* Begin PBXBuildFile section */
		4406B397AA8E1E6E27670B77 /* Pods_VacancyTests.framework in Frameworks */ = {isa = PBXBuildFile; fileRef = 9845D41FC3AC04A0807925AB /* Pods_VacancyTests.framework */; };
		C686C62D3300A2E083641A25 /* Pods_Vacancy.framework in Frameworks */ = {isa = PBXBuildFile; fileRef = 2359FED5D285A5AD4FC0CCC1 /* Pods_Vacancy.framework */; };
		E101EABD1D40E712003789A5 /* TrainData.swift in Sources */ = {isa = PBXBuildFile; fileRef = E101EABC1D40E712003789A5 /* TrainData.swift */; };
		E111945C1D6404EB00DBF598 /* MainViewController.swift in Sources */ = {isa = PBXBuildFile; fileRef = E111945B1D6404EB00DBF598 /* MainViewController.swift */; };
		E11194601D640ECB00DBF598 /* BookMarkRootViewController.swift in Sources */ = {isa = PBXBuildFile; fileRef = E111945F1D640ECB00DBF598 /* BookMarkRootViewController.swift */; };
		E11194621D64151C00DBF598 /* StnSearchViewController.swift in Sources */ = {isa = PBXBuildFile; fileRef = E11194611D64151C00DBF598 /* StnSearchViewController.swift */; };
		E11194661D64425600DBF598 /* Vacancy_cleanness@2x.png in Resources */ = {isa = PBXBuildFile; fileRef = E11194651D64425600DBF598 /* Vacancy_cleanness@2x.png */; };
		E11194681D64425F00DBF598 /* Vacancy_cleanness.png in Resources */ = {isa = PBXBuildFile; fileRef = E11194671D64425F00DBF598 /* Vacancy_cleanness.png */; };
		E111946A1D64426C00DBF598 /* Vacancy_cleanness@3x.png in Resources */ = {isa = PBXBuildFile; fileRef = E11194691D64426C00DBF598 /* Vacancy_cleanness@3x.png */; };
		E11388CD1D6017D200C0B0B6 /* SearchSettings.swift in Sources */ = {isa = PBXBuildFile; fileRef = E11388CC1D6017D200C0B0B6 /* SearchSettings.swift */; };
		E113890E1D6041A800C0B0B6 /* BookMarkCell.swift in Sources */ = {isa = PBXBuildFile; fileRef = E113890D1D6041A800C0B0B6 /* BookMarkCell.swift */; };
		E11389121D61528E00C0B0B6 /* Setting.swift in Sources */ = {isa = PBXBuildFile; fileRef = E11389111D61528E00C0B0B6 /* Setting.swift */; };
		E12C31D61D63EB8200BE19B6 /* UnitID.swift in Sources */ = {isa = PBXBuildFile; fileRef = E12C31D51D63EB8200BE19B6 /* UnitID.swift */; };
		E1344F991D62D9C700AD18FB /* Icon-Small@2x.png in Resources */ = {isa = PBXBuildFile; fileRef = E1344F981D62D9C700AD18FB /* Icon-Small@2x.png */; };
		E1344F9B1D62D9D600AD18FB /* Icon-Small@3x.png in Resources */ = {isa = PBXBuildFile; fileRef = E1344F9A1D62D9D600AD18FB /* Icon-Small@3x.png */; };
		E1344F9D1D62DA1C00AD18FB /* Icon-60@2x.png in Resources */ = {isa = PBXBuildFile; fileRef = E1344F9C1D62DA1C00AD18FB /* Icon-60@2x.png */; };
		E1344F9F1D62DA2C00AD18FB /* Icon-60@3x.png in Resources */ = {isa = PBXBuildFile; fileRef = E1344F9E1D62DA2C00AD18FB /* Icon-60@3x.png */; };
		E1344FA11D62DA7C00AD18FB /* Icon-40@2x.png in Resources */ = {isa = PBXBuildFile; fileRef = E1344FA01D62DA7C00AD18FB /* Icon-40@2x.png */; };
		E1344FA31D62DA8B00AD18FB /* Icon-40@3x.png in Resources */ = {isa = PBXBuildFile; fileRef = E1344FA21D62DA8B00AD18FB /* Icon-40@3x.png */; };
		E1344FAD1D62DE9600AD18FB /* info.png in Resources */ = {isa = PBXBuildFile; fileRef = E1344FAC1D62DE9600AD18FB /* info.png */; };
		E1344FAF1D62DE9D00AD18FB /* info@2x.png in Resources */ = {isa = PBXBuildFile; fileRef = E1344FAE1D62DE9D00AD18FB /* info@2x.png */; };
		E1407D701D6EAAE50061C8B5 /* GoogleService-Info.plist in Resources */ = {isa = PBXBuildFile; fileRef = E1407D6F1D6EAAE50061C8B5 /* GoogleService-Info.plist */; };
		E144E1201D45F250002FADAA /* granclass.png in Resources */ = {isa = PBXBuildFile; fileRef = E144E1141D45F250002FADAA /* granclass.png */; };
		E144E1211D45F250002FADAA /* green.png in Resources */ = {isa = PBXBuildFile; fileRef = E144E1151D45F250002FADAA /* green.png */; };
		E144E1221D45F250002FADAA /* ltdexp.png in Resources */ = {isa = PBXBuildFile; fileRef = E144E1161D45F250002FADAA /* ltdexp.png */; };
		E144E1251D45F250002FADAA /* nonsmoke.png in Resources */ = {isa = PBXBuildFile; fileRef = E144E1191D45F250002FADAA /* nonsmoke.png */; };
		E144E1261D45F250002FADAA /* rapid.png in Resources */ = {isa = PBXBuildFile; fileRef = E144E11A1D45F250002FADAA /* rapid.png */; };
		E144E1271D45F250002FADAA /* reserved.png in Resources */ = {isa = PBXBuildFile; fileRef = E144E11B1D45F250002FADAA /* reserved.png */; };
		E144E1291D45F250002FADAA /* smoking.png in Resources */ = {isa = PBXBuildFile; fileRef = E144E11D1D45F250002FADAA /* smoking.png */; };
		E144E12A1D45F250002FADAA /* superexpress.png in Resources */ = {isa = PBXBuildFile; fileRef = E144E11E1D45F250002FADAA /* superexpress.png */; };
		E144E12C1D462412002FADAA /* ResultCell.swift in Sources */ = {isa = PBXBuildFile; fileRef = E144E12B1D462412002FADAA /* ResultCell.swift */; };
		E144E12E1D4628B7002FADAA /* ResultView.swift in Sources */ = {isa = PBXBuildFile; fileRef = E144E12D1D4628B7002FADAA /* ResultView.swift */; };
		E165348B1D61D88A00CD60B6 /* selectedMaru.png in Resources */ = {isa = PBXBuildFile; fileRef = E165348A1D61D88A00CD60B6 /* selectedMaru.png */; };
		E1686C771D574799001F3AA4 /* nashi.png in Resources */ = {isa = PBXBuildFile; fileRef = E1686C761D574799001F3AA4 /* nashi.png */; };
		E1686C791D5747C0001F3AA4 /* greenW.png in Resources */ = {isa = PBXBuildFile; fileRef = E1686C781D5747C0001F3AA4 /* greenW.png */; };
		E1686C7B1D5747C9001F3AA4 /* maruW.png in Resources */ = {isa = PBXBuildFile; fileRef = E1686C7A1D5747C9001F3AA4 /* maruW.png */; };
		E1686C7D1D5747D1001F3AA4 /* reservedW.png in Resources */ = {isa = PBXBuildFile; fileRef = E1686C7C1D5747D0001F3AA4 /* reservedW.png */; };
		E1686C821D5747DF001F3AA4 /* granclassW.png in Resources */ = {isa = PBXBuildFile; fileRef = E1686C7E1D5747DF001F3AA4 /* granclassW.png */; };
		E1686C831D5747DF001F3AA4 /* nashiW.png in Resources */ = {isa = PBXBuildFile; fileRef = E1686C7F1D5747DF001F3AA4 /* nashiW.png */; };
		E1686C841D5747DF001F3AA4 /* sankakuW.png in Resources */ = {isa = PBXBuildFile; fileRef = E1686C801D5747DF001F3AA4 /* sankakuW.png */; };
		E1686C851D5747DF001F3AA4 /* smokeW.png in Resources */ = {isa = PBXBuildFile; fileRef = E1686C811D5747DF001F3AA4 /* smokeW.png */; };
		E1686C871D57489F001F3AA4 /* nonsmokeW.png in Resources */ = {isa = PBXBuildFile; fileRef = E1686C861D57489F001F3AA4 /* nonsmokeW.png */; };
		E1686C891D5749BD001F3AA4 /* batsuW.png in Resources */ = {isa = PBXBuildFile; fileRef = E1686C881D5749BD001F3AA4 /* batsuW.png */; };
		E1686C8B1D5749C7001F3AA4 /* maru.png in Resources */ = {isa = PBXBuildFile; fileRef = E1686C8A1D5749C7001F3AA4 /* maru.png */; };
		E1686C8D1D5749CF001F3AA4 /* batsu.png in Resources */ = {isa = PBXBuildFile; fileRef = E1686C8C1D5749CF001F3AA4 /* batsu.png */; };
		E1686C8F1D5749DA001F3AA4 /* sankaku.png in Resources */ = {isa = PBXBuildFile; fileRef = E1686C8E1D5749DA001F3AA4 /* sankaku.png */; };
		E17B02881D3D92CE009A41D1 /* tohoku.txt in Resources */ = {isa = PBXBuildFile; fileRef = E17B02811D3D92CE009A41D1 /* tohoku.txt */; };
		E17B02891D3D92CE009A41D1 /* kodama.txt in Resources */ = {isa = PBXBuildFile; fileRef = E17B02821D3D92CE009A41D1 /* kodama.txt */; };
		E17B028A1D3D92CE009A41D1 /* LtdExpList.txt in Resources */ = {isa = PBXBuildFile; fileRef = E17B02831D3D92CE009A41D1 /* LtdExpList.txt */; };
		E17B028B1D3D92CE009A41D1 /* nagano.txt in Resources */ = {isa = PBXBuildFile; fileRef = E17B02841D3D92CE009A41D1 /* nagano.txt */; };
		E17B028C1D3D92CE009A41D1 /* pushcode.csv in Resources */ = {isa = PBXBuildFile; fileRef = E17B02851D3D92CE009A41D1 /* pushcode.csv */; };
		E17B028D1D3D92CE009A41D1 /* SuperExpList.txt in Resources */ = {isa = PBXBuildFile; fileRef = E17B02861D3D92CE009A41D1 /* SuperExpList.txt */; };
		E17B028E1D3D92CE009A41D1 /* tokaido.txt in Resources */ = {isa = PBXBuildFile; fileRef = E17B02871D3D92CE009A41D1 /* tokaido.txt */; };
		E1829CD01D6E3B00005BD003 /* setting.png in Resources */ = {isa = PBXBuildFile; fileRef = E1829CCF1D6E3B00005BD003 /* setting.png */; };
		E1829CD21D6E3F60005BD003 /* setting32.png in Resources */ = {isa = PBXBuildFile; fileRef = E1829CD11D6E3F60005BD003 /* setting32.png */; };
		E196C20A1D5FD14800635F7F /* RapidList.txt in Resources */ = {isa = PBXBuildFile; fileRef = E196C2091D5FD14800635F7F /* RapidList.txt */; };
		E19FAAD41E3E05DB000805A4 /* ResultRegex.swift in Sources */ = {isa = PBXBuildFile; fileRef = E19FAAD31E3E05DB000805A4 /* ResultRegex.swift */; };
		E1C92E561D3B8C8B000FC366 /* AppDelegate.swift in Sources */ = {isa = PBXBuildFile; fileRef = E1C92E551D3B8C8B000FC366 /* AppDelegate.swift */; };
		E1C92E581D3B8C8B000FC366 /* ViewController.swift in Sources */ = {isa = PBXBuildFile; fileRef = E1C92E571D3B8C8B000FC366 /* ViewController.swift */; };
		E1C92E5B1D3B8C8B000FC366 /* Main.storyboard in Resources */ = {isa = PBXBuildFile; fileRef = E1C92E591D3B8C8B000FC366 /* Main.storyboard */; };
		E1C92E5E1D3B8C8B000FC366 /* Vacancy.xcdatamodeld in Sources */ = {isa = PBXBuildFile; fileRef = E1C92E5C1D3B8C8B000FC366 /* Vacancy.xcdatamodeld */; };
		E1C92E601D3B8C8B000FC366 /* Assets.xcassets in Resources */ = {isa = PBXBuildFile; fileRef = E1C92E5F1D3B8C8B000FC366 /* Assets.xcassets */; };
		E1C92E631D3B8C8B000FC366 /* LaunchScreen.storyboard in Resources */ = {isa = PBXBuildFile; fileRef = E1C92E611D3B8C8B000FC366 /* LaunchScreen.storyboard */; };
		E1C92E6E1D3B8C8C000FC366 /* VacancyTests.swift in Sources */ = {isa = PBXBuildFile; fileRef = E1C92E6D1D3B8C8C000FC366 /* VacancyTests.swift */; };
		E1C92E791D3B8C8C000FC366 /* VacancyUITests.swift in Sources */ = {isa = PBXBuildFile; fileRef = E1C92E781D3B8C8C000FC366 /* VacancyUITests.swift */; };
		E1C92E8B1D3BB202000FC366 /* PopUpDatePickerView.swift in Sources */ = {isa = PBXBuildFile; fileRef = E1C92E881D3BB202000FC366 /* PopUpDatePickerView.swift */; };
		E1C92E8C1D3BB202000FC366 /* PopUpPickerView.swift in Sources */ = {isa = PBXBuildFile; fileRef = E1C92E891D3BB202000FC366 /* PopUpPickerView.swift */; };
		E1C92E8D1D3BB202000FC366 /* PopUpPickerViewBase.swift in Sources */ = {isa = PBXBuildFile; fileRef = E1C92E8A1D3BB202000FC366 /* PopUpPickerViewBase.swift */; };
		E1D7F4CA1DD185AA00745E72 /* Regex.swift in Sources */ = {isa = PBXBuildFile; fileRef = E1D7F4C91DD185AA00745E72 /* Regex.swift */; };
		E1D862031D648A87008CE032 /* Settings.bundle in Resources */ = {isa = PBXBuildFile; fileRef = E1D862021D648A87008CE032 /* Settings.bundle */; };
		E1DAE4211D594C57005C7F7D /* LegendViewController.swift in Sources */ = {isa = PBXBuildFile; fileRef = E1DAE4201D594C57005C7F7D /* LegendViewController.swift */; };
		E1DAE4231D595BF9005C7F7D /* StnSelectViewController.swift in Sources */ = {isa = PBXBuildFile; fileRef = E1DAE4221D595BF9005C7F7D /* StnSelectViewController.swift */; };
		E1DAE4261D5965B7005C7F7D /* SegmentType.swift in Sources */ = {isa = PBXBuildFile; fileRef = E1DAE4251D5965B7005C7F7D /* SegmentType.swift */; };
		E1DAE4281D596626005C7F7D /* SectionName.swift in Sources */ = {isa = PBXBuildFile; fileRef = E1DAE4271D596626005C7F7D /* SectionName.swift */; };
		E1DAE42C1D596AFC005C7F7D /* SuperExpressName.swift in Sources */ = {isa = PBXBuildFile; fileRef = E1DAE42B1D596AFC005C7F7D /* SuperExpressName.swift */; };
		E1E6AC081D6D9F5900A95C4F /* SettingViewController.swift in Sources */ = {isa = PBXBuildFile; fileRef = E1E6AC071D6D9F5900A95C4F /* SettingViewController.swift */; };
		E1E6AC0A1D6DA60500A95C4F /* SettingName.swift in Sources */ = {isa = PBXBuildFile; fileRef = E1E6AC091D6DA60500A95C4F /* SettingName.swift */; };
		E1E8E8661D61BD4A0019057E /* CustomButton.swift in Sources */ = {isa = PBXBuildFile; fileRef = E1E8E8651D61BD4A0019057E /* CustomButton.swift */; };
/* End PBXBuildFile section */

/* Begin PBXContainerItemProxy section */
		E1C92E6A1D3B8C8C000FC366 /* PBXContainerItemProxy */ = {
			isa = PBXContainerItemProxy;
			containerPortal = E1C92E4A1D3B8C8B000FC366 /* Project object */;
			proxyType = 1;
			remoteGlobalIDString = E1C92E511D3B8C8B000FC366;
			remoteInfo = Vacancy;
		};
		E1C92E751D3B8C8C000FC366 /* PBXContainerItemProxy */ = {
			isa = PBXContainerItemProxy;
			containerPortal = E1C92E4A1D3B8C8B000FC366 /* Project object */;
			proxyType = 1;
			remoteGlobalIDString = E1C92E511D3B8C8B000FC366;
			remoteInfo = Vacancy;
		};
		E1D7F4CF1DD19A7D00745E72 /* PBXContainerItemProxy */ = {
			isa = PBXContainerItemProxy;
			containerPortal = E1D7F4CB1DD19A7C00745E72 /* Regex.xcodeproj */;
			proxyType = 2;
			remoteGlobalIDString = E1E83BDE1DD08493004A2FAF;
			remoteInfo = Regex;
		};
		E1D7F4DB1DD19B2400745E72 /* PBXContainerItemProxy */ = {
			isa = PBXContainerItemProxy;
			containerPortal = E1D7F4D71DD19B2400745E72 /* Regex.xcodeproj */;
			proxyType = 2;
			remoteGlobalIDString = E1E83BDE1DD08493004A2FAF;
			remoteInfo = Regex;
		};
		E1DF04B91D63065400922F58 /* PBXContainerItemProxy */ = {
			isa = PBXContainerItemProxy;
			containerPortal = E1DF04B41D63065400922F58 /* Framework.xcodeproj */;
			proxyType = 2;
			remoteGlobalIDString = 86E2EFD41B4EE3C9002D66BB;
			remoteInfo = iOSReachability;
		};
		E1DF04BB1D63065400922F58 /* PBXContainerItemProxy */ = {
			isa = PBXContainerItemProxy;
			containerPortal = E1DF04B41D63065400922F58 /* Framework.xcodeproj */;
			proxyType = 2;
			remoteGlobalIDString = 86E2EFF21B4EE3DE002D66BB;
			remoteInfo = MacOSReachability;
		};
/* End PBXContainerItemProxy section */

/* Begin PBXFileReference section */
		2359FED5D285A5AD4FC0CCC1 /* Pods_Vacancy.framework */ = {isa = PBXFileReference; explicitFileType = wrapper.framework; includeInIndex = 0; path = Pods_Vacancy.framework; sourceTree = BUILT_PRODUCTS_DIR; };
		39718ED5729785B339609B06 /* Pods-VacancyTests.debug.xcconfig */ = {isa = PBXFileReference; includeInIndex = 1; lastKnownFileType = text.xcconfig; name = "Pods-VacancyTests.debug.xcconfig"; path = "Pods/Target Support Files/Pods-VacancyTests/Pods-VacancyTests.debug.xcconfig"; sourceTree = "<group>"; };
		4B5EACBFF3A924A80F98E54F /* Pods-VacancyTests.release.xcconfig */ = {isa = PBXFileReference; includeInIndex = 1; lastKnownFileType = text.xcconfig; name = "Pods-VacancyTests.release.xcconfig"; path = "Pods/Target Support Files/Pods-VacancyTests/Pods-VacancyTests.release.xcconfig"; sourceTree = "<group>"; };
		838D21A8D5F512D987315ECA /* Pods-Vacancy.debug.xcconfig */ = {isa = PBXFileReference; includeInIndex = 1; lastKnownFileType = text.xcconfig; name = "Pods-Vacancy.debug.xcconfig"; path = "Pods/Target Support Files/Pods-Vacancy/Pods-Vacancy.debug.xcconfig"; sourceTree = "<group>"; };
		9845D41FC3AC04A0807925AB /* Pods_VacancyTests.framework */ = {isa = PBXFileReference; explicitFileType = wrapper.framework; includeInIndex = 0; path = Pods_VacancyTests.framework; sourceTree = BUILT_PRODUCTS_DIR; };
		D3C002927BD663A613F1C282 /* Pods-Vacancy.release.xcconfig */ = {isa = PBXFileReference; includeInIndex = 1; lastKnownFileType = text.xcconfig; name = "Pods-Vacancy.release.xcconfig"; path = "Pods/Target Support Files/Pods-Vacancy/Pods-Vacancy.release.xcconfig"; sourceTree = "<group>"; };
		E101EABC1D40E712003789A5 /* TrainData.swift */ = {isa = PBXFileReference; fileEncoding = 4; lastKnownFileType = sourcecode.swift; path = TrainData.swift; sourceTree = "<group>"; };
		E101EAC41D44B9DB003789A5 /* Vacancy.entitlements */ = {isa = PBXFileReference; lastKnownFileType = text.xml; path = Vacancy.entitlements; sourceTree = "<group>"; };
		E111945B1D6404EB00DBF598 /* MainViewController.swift */ = {isa = PBXFileReference; fileEncoding = 4; lastKnownFileType = sourcecode.swift; path = MainViewController.swift; sourceTree = "<group>"; };
		E111945F1D640ECB00DBF598 /* BookMarkRootViewController.swift */ = {isa = PBXFileReference; fileEncoding = 4; lastKnownFileType = sourcecode.swift; path = BookMarkRootViewController.swift; sourceTree = "<group>"; };
		E11194611D64151C00DBF598 /* StnSearchViewController.swift */ = {isa = PBXFileReference; fileEncoding = 4; lastKnownFileType = sourcecode.swift; path = StnSearchViewController.swift; sourceTree = "<group>"; };
		E11194651D64425600DBF598 /* Vacancy_cleanness@2x.png */ = {isa = PBXFileReference; lastKnownFileType = image.png; path = "Vacancy_cleanness@2x.png"; sourceTree = "<group>"; };
		E11194671D64425F00DBF598 /* Vacancy_cleanness.png */ = {isa = PBXFileReference; lastKnownFileType = image.png; path = Vacancy_cleanness.png; sourceTree = "<group>"; };
		E11194691D64426C00DBF598 /* Vacancy_cleanness@3x.png */ = {isa = PBXFileReference; lastKnownFileType = image.png; path = "Vacancy_cleanness@3x.png"; sourceTree = "<group>"; };
		E11388CC1D6017D200C0B0B6 /* SearchSettings.swift */ = {isa = PBXFileReference; fileEncoding = 4; lastKnownFileType = sourcecode.swift; path = SearchSettings.swift; sourceTree = "<group>"; };
		E113890D1D6041A800C0B0B6 /* BookMarkCell.swift */ = {isa = PBXFileReference; fileEncoding = 4; lastKnownFileType = sourcecode.swift; path = BookMarkCell.swift; sourceTree = "<group>"; };
		E11389111D61528E00C0B0B6 /* Setting.swift */ = {isa = PBXFileReference; fileEncoding = 4; lastKnownFileType = sourcecode.swift; path = Setting.swift; sourceTree = "<group>"; };
		E12C31D51D63EB8200BE19B6 /* UnitID.swift */ = {isa = PBXFileReference; fileEncoding = 4; lastKnownFileType = sourcecode.swift; path = UnitID.swift; sourceTree = "<group>"; };
		E1344F981D62D9C700AD18FB /* Icon-Small@2x.png */ = {isa = PBXFileReference; lastKnownFileType = image.png; path = "Icon-Small@2x.png"; sourceTree = "<group>"; };
		E1344F9A1D62D9D600AD18FB /* Icon-Small@3x.png */ = {isa = PBXFileReference; lastKnownFileType = image.png; path = "Icon-Small@3x.png"; sourceTree = "<group>"; };
		E1344F9C1D62DA1C00AD18FB /* Icon-60@2x.png */ = {isa = PBXFileReference; lastKnownFileType = image.png; path = "Icon-60@2x.png"; sourceTree = "<group>"; };
		E1344F9E1D62DA2C00AD18FB /* Icon-60@3x.png */ = {isa = PBXFileReference; lastKnownFileType = image.png; path = "Icon-60@3x.png"; sourceTree = "<group>"; };
		E1344FA01D62DA7C00AD18FB /* Icon-40@2x.png */ = {isa = PBXFileReference; lastKnownFileType = image.png; path = "Icon-40@2x.png"; sourceTree = "<group>"; };
		E1344FA21D62DA8B00AD18FB /* Icon-40@3x.png */ = {isa = PBXFileReference; lastKnownFileType = image.png; path = "Icon-40@3x.png"; sourceTree = "<group>"; };
		E1344FAC1D62DE9600AD18FB /* info.png */ = {isa = PBXFileReference; lastKnownFileType = image.png; path = info.png; sourceTree = "<group>"; };
		E1344FAE1D62DE9D00AD18FB /* info@2x.png */ = {isa = PBXFileReference; lastKnownFileType = image.png; path = "info@2x.png"; sourceTree = "<group>"; };
		E1407D6F1D6EAAE50061C8B5 /* GoogleService-Info.plist */ = {isa = PBXFileReference; fileEncoding = 4; lastKnownFileType = text.plist.xml; path = "GoogleService-Info.plist"; sourceTree = "<group>"; };
		E144E1141D45F250002FADAA /* granclass.png */ = {isa = PBXFileReference; lastKnownFileType = image.png; path = granclass.png; sourceTree = "<group>"; };
		E144E1151D45F250002FADAA /* green.png */ = {isa = PBXFileReference; lastKnownFileType = image.png; path = green.png; sourceTree = "<group>"; };
		E144E1161D45F250002FADAA /* ltdexp.png */ = {isa = PBXFileReference; lastKnownFileType = image.png; path = ltdexp.png; sourceTree = "<group>"; };
		E144E1191D45F250002FADAA /* nonsmoke.png */ = {isa = PBXFileReference; lastKnownFileType = image.png; path = nonsmoke.png; sourceTree = "<group>"; };
		E144E11A1D45F250002FADAA /* rapid.png */ = {isa = PBXFileReference; lastKnownFileType = image.png; path = rapid.png; sourceTree = "<group>"; };
		E144E11B1D45F250002FADAA /* reserved.png */ = {isa = PBXFileReference; lastKnownFileType = image.png; path = reserved.png; sourceTree = "<group>"; };
		E144E11D1D45F250002FADAA /* smoking.png */ = {isa = PBXFileReference; lastKnownFileType = image.png; path = smoking.png; sourceTree = "<group>"; };
		E144E11E1D45F250002FADAA /* superexpress.png */ = {isa = PBXFileReference; lastKnownFileType = image.png; path = superexpress.png; sourceTree = "<group>"; };
		E144E12B1D462412002FADAA /* ResultCell.swift */ = {isa = PBXFileReference; fileEncoding = 4; lastKnownFileType = sourcecode.swift; path = ResultCell.swift; sourceTree = "<group>"; };
		E144E12D1D4628B7002FADAA /* ResultView.swift */ = {isa = PBXFileReference; fileEncoding = 4; lastKnownFileType = sourcecode.swift; path = ResultView.swift; sourceTree = "<group>"; };
		E14CED571D656F6F00B6FB42 /* ja */ = {isa = PBXFileReference; lastKnownFileType = text.plist.strings; name = ja; path = ja.lproj/LaunchScreen.strings; sourceTree = "<group>"; };
		E165348A1D61D88A00CD60B6 /* selectedMaru.png */ = {isa = PBXFileReference; lastKnownFileType = image.png; path = selectedMaru.png; sourceTree = "<group>"; };
		E1686C761D574799001F3AA4 /* nashi.png */ = {isa = PBXFileReference; lastKnownFileType = image.png; path = nashi.png; sourceTree = "<group>"; };
		E1686C781D5747C0001F3AA4 /* greenW.png */ = {isa = PBXFileReference; lastKnownFileType = image.png; path = greenW.png; sourceTree = "<group>"; };
		E1686C7A1D5747C9001F3AA4 /* maruW.png */ = {isa = PBXFileReference; lastKnownFileType = image.png; path = maruW.png; sourceTree = "<group>"; };
		E1686C7C1D5747D0001F3AA4 /* reservedW.png */ = {isa = PBXFileReference; lastKnownFileType = image.png; path = reservedW.png; sourceTree = "<group>"; };
		E1686C7E1D5747DF001F3AA4 /* granclassW.png */ = {isa = PBXFileReference; lastKnownFileType = image.png; path = granclassW.png; sourceTree = "<group>"; };
		E1686C7F1D5747DF001F3AA4 /* nashiW.png */ = {isa = PBXFileReference; lastKnownFileType = image.png; path = nashiW.png; sourceTree = "<group>"; };
		E1686C801D5747DF001F3AA4 /* sankakuW.png */ = {isa = PBXFileReference; lastKnownFileType = image.png; path = sankakuW.png; sourceTree = "<group>"; };
		E1686C811D5747DF001F3AA4 /* smokeW.png */ = {isa = PBXFileReference; lastKnownFileType = image.png; path = smokeW.png; sourceTree = "<group>"; };
		E1686C861D57489F001F3AA4 /* nonsmokeW.png */ = {isa = PBXFileReference; lastKnownFileType = image.png; path = nonsmokeW.png; sourceTree = "<group>"; };
		E1686C881D5749BD001F3AA4 /* batsuW.png */ = {isa = PBXFileReference; lastKnownFileType = image.png; path = batsuW.png; sourceTree = "<group>"; };
		E1686C8A1D5749C7001F3AA4 /* maru.png */ = {isa = PBXFileReference; lastKnownFileType = image.png; path = maru.png; sourceTree = "<group>"; };
		E1686C8C1D5749CF001F3AA4 /* batsu.png */ = {isa = PBXFileReference; lastKnownFileType = image.png; path = batsu.png; sourceTree = "<group>"; };
		E1686C8E1D5749DA001F3AA4 /* sankaku.png */ = {isa = PBXFileReference; lastKnownFileType = image.png; path = sankaku.png; sourceTree = "<group>"; };
		E17B02811D3D92CE009A41D1 /* tohoku.txt */ = {isa = PBXFileReference; fileEncoding = 4; lastKnownFileType = text; path = tohoku.txt; sourceTree = "<group>"; };
		E17B02821D3D92CE009A41D1 /* kodama.txt */ = {isa = PBXFileReference; fileEncoding = 4; lastKnownFileType = text; path = kodama.txt; sourceTree = "<group>"; };
		E17B02831D3D92CE009A41D1 /* LtdExpList.txt */ = {isa = PBXFileReference; fileEncoding = 4; lastKnownFileType = text; path = LtdExpList.txt; sourceTree = "<group>"; };
		E17B02841D3D92CE009A41D1 /* nagano.txt */ = {isa = PBXFileReference; fileEncoding = 4; lastKnownFileType = text; path = nagano.txt; sourceTree = "<group>"; };
		E17B02851D3D92CE009A41D1 /* pushcode.csv */ = {isa = PBXFileReference; fileEncoding = 4; lastKnownFileType = text; path = pushcode.csv; sourceTree = "<group>"; };
		E17B02861D3D92CE009A41D1 /* SuperExpList.txt */ = {isa = PBXFileReference; fileEncoding = 4; lastKnownFileType = text; path = SuperExpList.txt; sourceTree = "<group>"; };
		E17B02871D3D92CE009A41D1 /* tokaido.txt */ = {isa = PBXFileReference; fileEncoding = 4; lastKnownFileType = text; path = tokaido.txt; sourceTree = "<group>"; };
		E1829CCF1D6E3B00005BD003 /* setting.png */ = {isa = PBXFileReference; lastKnownFileType = image.png; path = setting.png; sourceTree = "<group>"; };
		E1829CD11D6E3F60005BD003 /* setting32.png */ = {isa = PBXFileReference; lastKnownFileType = image.png; path = setting32.png; sourceTree = "<group>"; };
		E18628DD1D5F1B1200972A2C /* CoreData.framework */ = {isa = PBXFileReference; lastKnownFileType = wrapper.framework; name = CoreData.framework; path = System/Library/Frameworks/CoreData.framework; sourceTree = SDKROOT; };
		E196C2091D5FD14800635F7F /* RapidList.txt */ = {isa = PBXFileReference; fileEncoding = 4; lastKnownFileType = text; path = RapidList.txt; sourceTree = "<group>"; };
		E19FAAD31E3E05DB000805A4 /* ResultRegex.swift */ = {isa = PBXFileReference; fileEncoding = 4; lastKnownFileType = sourcecode.swift; path = ResultRegex.swift; sourceTree = "<group>"; };
		E1C92E521D3B8C8B000FC366 /* Vacancy.app */ = {isa = PBXFileReference; explicitFileType = wrapper.application; includeInIndex = 0; path = Vacancy.app; sourceTree = BUILT_PRODUCTS_DIR; };
		E1C92E551D3B8C8B000FC366 /* AppDelegate.swift */ = {isa = PBXFileReference; lastKnownFileType = sourcecode.swift; path = AppDelegate.swift; sourceTree = "<group>"; };
		E1C92E571D3B8C8B000FC366 /* ViewController.swift */ = {isa = PBXFileReference; lastKnownFileType = sourcecode.swift; path = ViewController.swift; sourceTree = "<group>"; };
		E1C92E5D1D3B8C8B000FC366 /* Vacancy.xcdatamodel */ = {isa = PBXFileReference; lastKnownFileType = wrapper.xcdatamodel; path = Vacancy.xcdatamodel; sourceTree = "<group>"; };
		E1C92E5F1D3B8C8B000FC366 /* Assets.xcassets */ = {isa = PBXFileReference; lastKnownFileType = folder.assetcatalog; path = Assets.xcassets; sourceTree = "<group>"; };
		E1C92E621D3B8C8B000FC366 /* Base */ = {isa = PBXFileReference; lastKnownFileType = file.storyboard; name = Base; path = Base.lproj/LaunchScreen.storyboard; sourceTree = "<group>"; };
		E1C92E641D3B8C8B000FC366 /* Info.plist */ = {isa = PBXFileReference; lastKnownFileType = text.plist.xml; path = Info.plist; sourceTree = "<group>"; };
		E1C92E691D3B8C8C000FC366 /* VacancyTests.xctest */ = {isa = PBXFileReference; explicitFileType = wrapper.cfbundle; includeInIndex = 0; path = VacancyTests.xctest; sourceTree = BUILT_PRODUCTS_DIR; };
		E1C92E6D1D3B8C8C000FC366 /* VacancyTests.swift */ = {isa = PBXFileReference; lastKnownFileType = sourcecode.swift; path = VacancyTests.swift; sourceTree = "<group>"; };
		E1C92E6F1D3B8C8C000FC366 /* Info.plist */ = {isa = PBXFileReference; lastKnownFileType = text.plist.xml; path = Info.plist; sourceTree = "<group>"; };
		E1C92E741D3B8C8C000FC366 /* VacancyUITests.xctest */ = {isa = PBXFileReference; explicitFileType = wrapper.cfbundle; includeInIndex = 0; path = VacancyUITests.xctest; sourceTree = BUILT_PRODUCTS_DIR; };
		E1C92E781D3B8C8C000FC366 /* VacancyUITests.swift */ = {isa = PBXFileReference; lastKnownFileType = sourcecode.swift; path = VacancyUITests.swift; sourceTree = "<group>"; };
		E1C92E7A1D3B8C8C000FC366 /* Info.plist */ = {isa = PBXFileReference; lastKnownFileType = text.plist.xml; path = Info.plist; sourceTree = "<group>"; };
		E1C92E881D3BB202000FC366 /* PopUpDatePickerView.swift */ = {isa = PBXFileReference; fileEncoding = 4; lastKnownFileType = sourcecode.swift; path = PopUpDatePickerView.swift; sourceTree = "<group>"; };
		E1C92E891D3BB202000FC366 /* PopUpPickerView.swift */ = {isa = PBXFileReference; fileEncoding = 4; lastKnownFileType = sourcecode.swift; path = PopUpPickerView.swift; sourceTree = "<group>"; };
		E1C92E8A1D3BB202000FC366 /* PopUpPickerViewBase.swift */ = {isa = PBXFileReference; fileEncoding = 4; lastKnownFileType = sourcecode.swift; path = PopUpPickerViewBase.swift; sourceTree = "<group>"; };
		E1CCD4041D6B9E6C00EBE1DB /* ja */ = {isa = PBXFileReference; lastKnownFileType = file.storyboard; name = ja; path = ja.lproj/Main.storyboard; sourceTree = "<group>"; };
		E1CCD40A1D6D70AC00EBE1DB /* Vacancy-BridgingHeader.h */ = {isa = PBXFileReference; lastKnownFileType = sourcecode.c.h; path = "Vacancy-BridgingHeader.h"; sourceTree = "<group>"; };
		E1D7F4C91DD185AA00745E72 /* Regex.swift */ = {isa = PBXFileReference; fileEncoding = 4; lastKnownFileType = sourcecode.swift; path = Regex.swift; sourceTree = "<group>"; };
		E1D7F4CB1DD19A7C00745E72 /* Regex.xcodeproj */ = {isa = PBXFileReference; lastKnownFileType = "wrapper.pb-project"; name = Regex.xcodeproj; path = ../Regex/Regex.xcodeproj; sourceTree = "<group>"; };
		E1D7F4D51DD19B2400745E72 /* Info.plist */ = {isa = PBXFileReference; lastKnownFileType = text.plist.xml; path = Info.plist; sourceTree = "<group>"; };
		E1D7F4D61DD19B2400745E72 /* Regex.swift */ = {isa = PBXFileReference; lastKnownFileType = sourcecode.swift; path = Regex.swift; sourceTree = "<group>"; };
		E1D7F4D71DD19B2400745E72 /* Regex.xcodeproj */ = {isa = PBXFileReference; lastKnownFileType = "wrapper.pb-project"; path = Regex.xcodeproj; sourceTree = "<group>"; };
		E1D862021D648A87008CE032 /* Settings.bundle */ = {isa = PBXFileReference; lastKnownFileType = "wrapper.plug-in"; path = Settings.bundle; sourceTree = "<group>"; };
		E1DAE4201D594C57005C7F7D /* LegendViewController.swift */ = {isa = PBXFileReference; fileEncoding = 4; lastKnownFileType = sourcecode.swift; path = LegendViewController.swift; sourceTree = "<group>"; };
		E1DAE4221D595BF9005C7F7D /* StnSelectViewController.swift */ = {isa = PBXFileReference; fileEncoding = 4; lastKnownFileType = sourcecode.swift; path = StnSelectViewController.swift; sourceTree = "<group>"; };
		E1DAE4251D5965B7005C7F7D /* SegmentType.swift */ = {isa = PBXFileReference; fileEncoding = 4; lastKnownFileType = sourcecode.swift; path = SegmentType.swift; sourceTree = "<group>"; };
		E1DAE4271D596626005C7F7D /* SectionName.swift */ = {isa = PBXFileReference; fileEncoding = 4; lastKnownFileType = sourcecode.swift; path = SectionName.swift; sourceTree = "<group>"; };
		E1DAE42B1D596AFC005C7F7D /* SuperExpressName.swift */ = {isa = PBXFileReference; fileEncoding = 4; lastKnownFileType = sourcecode.swift; path = SuperExpressName.swift; sourceTree = "<group>"; };
		E1DF04B41D63065400922F58 /* Framework.xcodeproj */ = {isa = PBXFileReference; lastKnownFileType = "wrapper.pb-project"; name = Framework.xcodeproj; path = "../../../Downloads/Reachability-master/Framework/Framework.xcodeproj"; sourceTree = "<group>"; };
		E1DF04C31D63112F00922F58 /* AdSupport.framework */ = {isa = PBXFileReference; lastKnownFileType = wrapper.framework; name = AdSupport.framework; path = System/Library/Frameworks/AdSupport.framework; sourceTree = SDKROOT; };
		E1DF04C71D63113800922F58 /* AudioToolbox.framework */ = {isa = PBXFileReference; lastKnownFileType = wrapper.framework; name = AudioToolbox.framework; path = System/Library/Frameworks/AudioToolbox.framework; sourceTree = SDKROOT; };
		E1DF04C91D63114300922F58 /* AVFoundation.framework */ = {isa = PBXFileReference; lastKnownFileType = wrapper.framework; name = AVFoundation.framework; path = System/Library/Frameworks/AVFoundation.framework; sourceTree = SDKROOT; };
		E1DF04CB1D63114D00922F58 /* CoreGraphics.framework */ = {isa = PBXFileReference; lastKnownFileType = wrapper.framework; name = CoreGraphics.framework; path = System/Library/Frameworks/CoreGraphics.framework; sourceTree = SDKROOT; };
		E1DF04CD1D63115800922F58 /* CoreMedia.framework */ = {isa = PBXFileReference; lastKnownFileType = wrapper.framework; name = CoreMedia.framework; path = System/Library/Frameworks/CoreMedia.framework; sourceTree = SDKROOT; };
		E1DF04CF1D63116400922F58 /* CoreTelephony.framework */ = {isa = PBXFileReference; lastKnownFileType = wrapper.framework; name = CoreTelephony.framework; path = System/Library/Frameworks/CoreTelephony.framework; sourceTree = SDKROOT; };
		E1DF04D11D63116E00922F58 /* EventKit.framework */ = {isa = PBXFileReference; lastKnownFileType = wrapper.framework; name = EventKit.framework; path = System/Library/Frameworks/EventKit.framework; sourceTree = SDKROOT; };
		E1DF04D31D63117A00922F58 /* EventKitUI.framework */ = {isa = PBXFileReference; lastKnownFileType = wrapper.framework; name = EventKitUI.framework; path = System/Library/Frameworks/EventKitUI.framework; sourceTree = SDKROOT; };
		E1DF04D51D63118500922F58 /* MessageUI.framework */ = {isa = PBXFileReference; lastKnownFileType = wrapper.framework; name = MessageUI.framework; path = System/Library/Frameworks/MessageUI.framework; sourceTree = SDKROOT; };
		E1DF04D71D63118E00922F58 /* StoreKit.framework */ = {isa = PBXFileReference; lastKnownFileType = wrapper.framework; name = StoreKit.framework; path = System/Library/Frameworks/StoreKit.framework; sourceTree = SDKROOT; };
		E1DF04D91D63119900922F58 /* SystemConfiguration.framework */ = {isa = PBXFileReference; lastKnownFileType = wrapper.framework; name = SystemConfiguration.framework; path = System/Library/Frameworks/SystemConfiguration.framework; sourceTree = SDKROOT; };
		E1DF04DB1D6311D500922F58 /* GoogleMobileAds.framework */ = {isa = PBXFileReference; lastKnownFileType = wrapper.framework; name = GoogleMobileAds.framework; path = "../../../Downloads/GoogleMobileAdsSdkiOS-7.9.1/GoogleMobileAds.framework"; sourceTree = "<group>"; };
		E1E6AC071D6D9F5900A95C4F /* SettingViewController.swift */ = {isa = PBXFileReference; fileEncoding = 4; lastKnownFileType = sourcecode.swift; path = SettingViewController.swift; sourceTree = "<group>"; };
		E1E6AC091D6DA60500A95C4F /* SettingName.swift */ = {isa = PBXFileReference; fileEncoding = 4; lastKnownFileType = sourcecode.swift; path = SettingName.swift; sourceTree = "<group>"; };
		E1E8E8651D61BD4A0019057E /* CustomButton.swift */ = {isa = PBXFileReference; fileEncoding = 4; lastKnownFileType = sourcecode.swift; path = CustomButton.swift; sourceTree = "<group>"; };
/* End PBXFileReference section */

/* Begin PBXFrameworksBuildPhase section */
		E1C92E4F1D3B8C8B000FC366 /* Frameworks */ = {
			isa = PBXFrameworksBuildPhase;
			buildActionMask = 2147483647;
			files = (
				C686C62D3300A2E083641A25 /* Pods_Vacancy.framework in Frameworks */,
			);
			runOnlyForDeploymentPostprocessing = 0;
		};
		E1C92E661D3B8C8C000FC366 /* Frameworks */ = {
			isa = PBXFrameworksBuildPhase;
			buildActionMask = 2147483647;
			files = (
				4406B397AA8E1E6E27670B77 /* Pods_VacancyTests.framework in Frameworks */,
			);
			runOnlyForDeploymentPostprocessing = 0;
		};
		E1C92E711D3B8C8C000FC366 /* Frameworks */ = {
			isa = PBXFrameworksBuildPhase;
			buildActionMask = 2147483647;
			files = (
			);
			runOnlyForDeploymentPostprocessing = 0;
		};
/* End PBXFrameworksBuildPhase section */

/* Begin PBXGroup section */
		0A6873C00F053AE1CBEAC401 /* Frameworks */ = {
			isa = PBXGroup;
			children = (
				E1D7F4D31DD19B2400745E72 /* Regex */,
				E1D7F4CB1DD19A7C00745E72 /* Regex.xcodeproj */,
				E1DF04DB1D6311D500922F58 /* GoogleMobileAds.framework */,
				E1DF04D91D63119900922F58 /* SystemConfiguration.framework */,
				E1DF04D71D63118E00922F58 /* StoreKit.framework */,
				E1DF04D51D63118500922F58 /* MessageUI.framework */,
				E1DF04D31D63117A00922F58 /* EventKitUI.framework */,
				E1DF04D11D63116E00922F58 /* EventKit.framework */,
				E1DF04CF1D63116400922F58 /* CoreTelephony.framework */,
				E1DF04CD1D63115800922F58 /* CoreMedia.framework */,
				E1DF04CB1D63114D00922F58 /* CoreGraphics.framework */,
				E1DF04C91D63114300922F58 /* AVFoundation.framework */,
				E1DF04C71D63113800922F58 /* AudioToolbox.framework */,
				E1DF04C31D63112F00922F58 /* AdSupport.framework */,
				E1DF04B41D63065400922F58 /* Framework.xcodeproj */,
				E18628DD1D5F1B1200972A2C /* CoreData.framework */,
				2359FED5D285A5AD4FC0CCC1 /* Pods_Vacancy.framework */,
				9845D41FC3AC04A0807925AB /* Pods_VacancyTests.framework */,
			);
			name = Frameworks;
			sourceTree = "<group>";
		};
		80EA57E551355D2FDF558DD8 /* Pods */ = {
			isa = PBXGroup;
			children = (
				838D21A8D5F512D987315ECA /* Pods-Vacancy.debug.xcconfig */,
				D3C002927BD663A613F1C282 /* Pods-Vacancy.release.xcconfig */,
				39718ED5729785B339609B06 /* Pods-VacancyTests.debug.xcconfig */,
				4B5EACBFF3A924A80F98E54F /* Pods-VacancyTests.release.xcconfig */,
			);
			name = Pods;
			sourceTree = "<group>";
		};
		E144E1121D45EFB7002FADAA /* Resource */ = {
			isa = PBXGroup;
			children = (
				E1829CD11D6E3F60005BD003 /* setting32.png */,
				E1829CCF1D6E3B00005BD003 /* setting.png */,
				E1344F981D62D9C700AD18FB /* Icon-Small@2x.png */,
				E1344F9A1D62D9D600AD18FB /* Icon-Small@3x.png */,
				E1344FA01D62DA7C00AD18FB /* Icon-40@2x.png */,
				E1344FA21D62DA8B00AD18FB /* Icon-40@3x.png */,
				E1344F9C1D62DA1C00AD18FB /* Icon-60@2x.png */,
				E1344F9E1D62DA2C00AD18FB /* Icon-60@3x.png */,
				E165348A1D61D88A00CD60B6 /* selectedMaru.png */,
				E1686C8E1D5749DA001F3AA4 /* sankaku.png */,
				E1686C8C1D5749CF001F3AA4 /* batsu.png */,
				E1686C8A1D5749C7001F3AA4 /* maru.png */,
				E1686C881D5749BD001F3AA4 /* batsuW.png */,
				E1686C861D57489F001F3AA4 /* nonsmokeW.png */,
				E1686C7E1D5747DF001F3AA4 /* granclassW.png */,
				E1686C7F1D5747DF001F3AA4 /* nashiW.png */,
				E1686C801D5747DF001F3AA4 /* sankakuW.png */,
				E1686C811D5747DF001F3AA4 /* smokeW.png */,
				E1686C7C1D5747D0001F3AA4 /* reservedW.png */,
				E1686C7A1D5747C9001F3AA4 /* maruW.png */,
				E1686C781D5747C0001F3AA4 /* greenW.png */,
				E1686C761D574799001F3AA4 /* nashi.png */,
				E144E1141D45F250002FADAA /* granclass.png */,
				E144E1151D45F250002FADAA /* green.png */,
				E144E1161D45F250002FADAA /* ltdexp.png */,
				E144E1191D45F250002FADAA /* nonsmoke.png */,
				E144E11A1D45F250002FADAA /* rapid.png */,
				E144E11B1D45F250002FADAA /* reserved.png */,
				E144E11D1D45F250002FADAA /* smoking.png */,
				E144E11E1D45F250002FADAA /* superexpress.png */,
				E1344FAC1D62DE9600AD18FB /* info.png */,
				E1344FAE1D62DE9D00AD18FB /* info@2x.png */,
				E11194671D64425F00DBF598 /* Vacancy_cleanness.png */,
				E11194651D64425600DBF598 /* Vacancy_cleanness@2x.png */,
				E11194691D64426C00DBF598 /* Vacancy_cleanness@3x.png */,
			);
			name = Resource;
			sourceTree = "<group>";
		};
		E17B02801D3D9269009A41D1 /* assets */ = {
			isa = PBXGroup;
			children = (
				E196C2091D5FD14800635F7F /* RapidList.txt */,
				E17B02811D3D92CE009A41D1 /* tohoku.txt */,
				E17B02821D3D92CE009A41D1 /* kodama.txt */,
				E17B02831D3D92CE009A41D1 /* LtdExpList.txt */,
				E17B02841D3D92CE009A41D1 /* nagano.txt */,
				E17B02851D3D92CE009A41D1 /* pushcode.csv */,
				E17B02861D3D92CE009A41D1 /* SuperExpList.txt */,
				E17B02871D3D92CE009A41D1 /* tokaido.txt */,
			);
			name = assets;
			sourceTree = "<group>";
		};
		E1C92E491D3B8C8B000FC366 = {
			isa = PBXGroup;
			children = (
				E1D862021D648A87008CE032 /* Settings.bundle */,
				E1C92E541D3B8C8B000FC366 /* Vacancy */,
				E1C92E6C1D3B8C8C000FC366 /* VacancyTests */,
				E1C92E771D3B8C8C000FC366 /* VacancyUITests */,
				E1C92E531D3B8C8B000FC366 /* Products */,
				0A6873C00F053AE1CBEAC401 /* Frameworks */,
				80EA57E551355D2FDF558DD8 /* Pods */,
			);
			sourceTree = "<group>";
		};
		E1C92E531D3B8C8B000FC366 /* Products */ = {
			isa = PBXGroup;
			children = (
				E1C92E521D3B8C8B000FC366 /* Vacancy.app */,
				E1C92E691D3B8C8C000FC366 /* VacancyTests.xctest */,
				E1C92E741D3B8C8C000FC366 /* VacancyUITests.xctest */,
			);
			name = Products;
			sourceTree = "<group>";
		};
		E1C92E541D3B8C8B000FC366 /* Vacancy */ = {
			isa = PBXGroup;
			children = (
				E1D7F4C91DD185AA00745E72 /* Regex.swift */,
				E1407D6F1D6EAAE50061C8B5 /* GoogleService-Info.plist */,
				E1DAE4241D596549005C7F7D /* 定数 */,
				E144E1121D45EFB7002FADAA /* Resource */,
				E101EAC41D44B9DB003789A5 /* Vacancy.entitlements */,
				E17B02801D3D9269009A41D1 /* assets */,
				E1C92E551D3B8C8B000FC366 /* AppDelegate.swift */,
				E1C92E571D3B8C8B000FC366 /* ViewController.swift */,
				E1C92E881D3BB202000FC366 /* PopUpDatePickerView.swift */,
				E1C92E5C1D3B8C8B000FC366 /* Vacancy.xcdatamodeld */,
				E1C92E891D3BB202000FC366 /* PopUpPickerView.swift */,
				E1C92E8A1D3BB202000FC366 /* PopUpPickerViewBase.swift */,
				E1C92E591D3B8C8B000FC366 /* Main.storyboard */,
				E1C92E5F1D3B8C8B000FC366 /* Assets.xcassets */,
				E1C92E611D3B8C8B000FC366 /* LaunchScreen.storyboard */,
				E1C92E641D3B8C8B000FC366 /* Info.plist */,
				E101EABC1D40E712003789A5 /* TrainData.swift */,
				E144E12B1D462412002FADAA /* ResultCell.swift */,
				E144E12D1D4628B7002FADAA /* ResultView.swift */,
				E1DAE4201D594C57005C7F7D /* LegendViewController.swift */,
				E1DAE4221D595BF9005C7F7D /* StnSelectViewController.swift */,
				E11388CC1D6017D200C0B0B6 /* SearchSettings.swift */,
				E113890D1D6041A800C0B0B6 /* BookMarkCell.swift */,
				E11389111D61528E00C0B0B6 /* Setting.swift */,
				E1E8E8651D61BD4A0019057E /* CustomButton.swift */,
				E111945B1D6404EB00DBF598 /* MainViewController.swift */,
				E111945F1D640ECB00DBF598 /* BookMarkRootViewController.swift */,
				E11194611D64151C00DBF598 /* StnSearchViewController.swift */,
				E1CCD40A1D6D70AC00EBE1DB /* Vacancy-BridgingHeader.h */,
				E1E6AC071D6D9F5900A95C4F /* SettingViewController.swift */,
			);
			path = Vacancy;
			sourceTree = "<group>";
		};
		E1C92E6C1D3B8C8C000FC366 /* VacancyTests */ = {
			isa = PBXGroup;
			children = (
				E1C92E6D1D3B8C8C000FC366 /* VacancyTests.swift */,
				E1C92E6F1D3B8C8C000FC366 /* Info.plist */,
			);
			path = VacancyTests;
			sourceTree = "<group>";
		};
		E1C92E771D3B8C8C000FC366 /* VacancyUITests */ = {
			isa = PBXGroup;
			children = (
				E1C92E781D3B8C8C000FC366 /* VacancyUITests.swift */,
				E1C92E7A1D3B8C8C000FC366 /* Info.plist */,
			);
			path = VacancyUITests;
			sourceTree = "<group>";
		};
		E1D7F4CC1DD19A7C00745E72 /* Products */ = {
			isa = PBXGroup;
			children = (
				E1D7F4D01DD19A7D00745E72 /* Regex.framework */,
			);
			name = Products;
			sourceTree = "<group>";
		};
		E1D7F4D31DD19B2400745E72 /* Regex */ = {
			isa = PBXGroup;
			children = (
				E1D7F4D41DD19B2400745E72 /* Regex */,
				E1D7F4D71DD19B2400745E72 /* Regex.xcodeproj */,
			);
			name = Regex;
			path = ../Regex;
			sourceTree = "<group>";
		};
		E1D7F4D41DD19B2400745E72 /* Regex */ = {
			isa = PBXGroup;
			children = (
				E1D7F4D51DD19B2400745E72 /* Info.plist */,
				E1D7F4D61DD19B2400745E72 /* Regex.swift */,
			);
			path = Regex;
			sourceTree = "<group>";
		};
		E1D7F4D81DD19B2400745E72 /* Products */ = {
			isa = PBXGroup;
			children = (
				E1D7F4DC1DD19B2400745E72 /* Regex.framework */,
			);
			name = Products;
			sourceTree = "<group>";
		};
		E1DAE4241D596549005C7F7D /* 定数 */ = {
			isa = PBXGroup;
			children = (
				E1DAE4251D5965B7005C7F7D /* SegmentType.swift */,
				E1DAE4271D596626005C7F7D /* SectionName.swift */,
				E1DAE42B1D596AFC005C7F7D /* SuperExpressName.swift */,
				E12C31D51D63EB8200BE19B6 /* UnitID.swift */,
				E1E6AC091D6DA60500A95C4F /* SettingName.swift */,
				E19FAAD31E3E05DB000805A4 /* ResultRegex.swift */,
			);
			name = "定数";
			sourceTree = "<group>";
		};
		E1DF04B51D63065400922F58 /* Products */ = {
			isa = PBXGroup;
			children = (
				E1DF04BA1D63065400922F58 /* Reachability.framework */,
				E1DF04BC1D63065400922F58 /* Reachability.framework */,
			);
			name = Products;
			sourceTree = "<group>";
		};
/* End PBXGroup section */

/* Begin PBXNativeTarget section */
		E1C92E511D3B8C8B000FC366 /* Vacancy */ = {
			isa = PBXNativeTarget;
			buildConfigurationList = E1C92E7D1D3B8C8C000FC366 /* Build configuration list for PBXNativeTarget "Vacancy" */;
			buildPhases = (
				45B4D71680BF7561DB1FB64C /* [CP] Check Pods Manifest.lock */,
				E1C92E4E1D3B8C8B000FC366 /* Sources */,
				E1C92E4F1D3B8C8B000FC366 /* Frameworks */,
				E1C92E501D3B8C8B000FC366 /* Resources */,
				B0DB67D542022E1464063D9A /* [CP] Embed Pods Frameworks */,
				76E3CD1FEEAD6C1B8CA54CA7 /* [CP] Copy Pods Resources */,
				E1B171E91D649BC900205977 /* ShellScript */,
			);
			buildRules = (
			);
			dependencies = (
			);
			name = Vacancy;
			productName = Vacancy;
			productReference = E1C92E521D3B8C8B000FC366 /* Vacancy.app */;
			productType = "com.apple.product-type.application";
		};
		E1C92E681D3B8C8C000FC366 /* VacancyTests */ = {
			isa = PBXNativeTarget;
			buildConfigurationList = E1C92E801D3B8C8C000FC366 /* Build configuration list for PBXNativeTarget "VacancyTests" */;
			buildPhases = (
				7FDC421BB00E11C258790432 /* [CP] Check Pods Manifest.lock */,
				E1C92E651D3B8C8C000FC366 /* Sources */,
				E1C92E661D3B8C8C000FC366 /* Frameworks */,
				E1C92E671D3B8C8C000FC366 /* Resources */,
				AE3EACEE80EDAC3C960929D3 /* [CP] Embed Pods Frameworks */,
				22C952E00D610CDFD3B968FB /* [CP] Copy Pods Resources */,
			);
			buildRules = (
			);
			dependencies = (
				E1C92E6B1D3B8C8C000FC366 /* PBXTargetDependency */,
			);
			name = VacancyTests;
			productName = VacancyTests;
			productReference = E1C92E691D3B8C8C000FC366 /* VacancyTests.xctest */;
			productType = "com.apple.product-type.bundle.unit-test";
		};
		E1C92E731D3B8C8C000FC366 /* VacancyUITests */ = {
			isa = PBXNativeTarget;
			buildConfigurationList = E1C92E831D3B8C8C000FC366 /* Build configuration list for PBXNativeTarget "VacancyUITests" */;
			buildPhases = (
				E1C92E701D3B8C8C000FC366 /* Sources */,
				E1C92E711D3B8C8C000FC366 /* Frameworks */,
				E1C92E721D3B8C8C000FC366 /* Resources */,
			);
			buildRules = (
			);
			dependencies = (
				E1C92E761D3B8C8C000FC366 /* PBXTargetDependency */,
			);
			name = VacancyUITests;
			productName = VacancyUITests;
			productReference = E1C92E741D3B8C8C000FC366 /* VacancyUITests.xctest */;
			productType = "com.apple.product-type.bundle.ui-testing";
		};
/* End PBXNativeTarget section */

/* Begin PBXProject section */
		E1C92E4A1D3B8C8B000FC366 /* Project object */ = {
			isa = PBXProject;
			attributes = {
				LastSwiftUpdateCheck = 0730;
				LastUpgradeCheck = 0820;
				ORGANIZATIONNAME = "Aoi Tanaka";
				TargetAttributes = {
					E1C92E511D3B8C8B000FC366 = {
						CreatedOnToolsVersion = 7.3.1;
						DevelopmentTeam = 3T7U4N2Y3E;
						LastSwiftMigration = 0800;
						SystemCapabilities = {
							com.apple.WAC = {
								enabled = 0;
							};
						};
					};
					E1C92E681D3B8C8C000FC366 = {
						CreatedOnToolsVersion = 7.3.1;
						DevelopmentTeam = VCXQC2Y5WS;
						LastSwiftMigration = 0800;
						TestTargetID = E1C92E511D3B8C8B000FC366;
					};
					E1C92E731D3B8C8C000FC366 = {
						CreatedOnToolsVersion = 7.3.1;
						DevelopmentTeam = VCXQC2Y5WS;
						LastSwiftMigration = 0800;
						TestTargetID = E1C92E511D3B8C8B000FC366;
					};
				};
			};
			buildConfigurationList = E1C92E4D1D3B8C8B000FC366 /* Build configuration list for PBXProject "Vacancy" */;
			compatibilityVersion = "Xcode 6.3";
			developmentRegion = English;
			hasScannedForEncodings = 0;
			knownRegions = (
				Base,
			);
			mainGroup = E1C92E491D3B8C8B000FC366;
			productRefGroup = E1C92E531D3B8C8B000FC366 /* Products */;
			projectDirPath = "";
			projectReferences = (
				{
					ProductGroup = E1DF04B51D63065400922F58 /* Products */;
					ProjectRef = E1DF04B41D63065400922F58 /* Framework.xcodeproj */;
				},
				{
					ProductGroup = E1D7F4D81DD19B2400745E72 /* Products */;
					ProjectRef = E1D7F4D71DD19B2400745E72 /* Regex.xcodeproj */;
				},
				{
					ProductGroup = E1D7F4CC1DD19A7C00745E72 /* Products */;
					ProjectRef = E1D7F4CB1DD19A7C00745E72 /* Regex.xcodeproj */;
				},
			);
			projectRoot = "";
			targets = (
				E1C92E511D3B8C8B000FC366 /* Vacancy */,
				E1C92E681D3B8C8C000FC366 /* VacancyTests */,
				E1C92E731D3B8C8C000FC366 /* VacancyUITests */,
			);
		};
/* End PBXProject section */

/* Begin PBXReferenceProxy section */
		E1D7F4D01DD19A7D00745E72 /* Regex.framework */ = {
			isa = PBXReferenceProxy;
			fileType = wrapper.framework;
			path = Regex.framework;
			remoteRef = E1D7F4CF1DD19A7D00745E72 /* PBXContainerItemProxy */;
			sourceTree = BUILT_PRODUCTS_DIR;
		};
		E1D7F4DC1DD19B2400745E72 /* Regex.framework */ = {
			isa = PBXReferenceProxy;
			fileType = wrapper.framework;
			path = Regex.framework;
			remoteRef = E1D7F4DB1DD19B2400745E72 /* PBXContainerItemProxy */;
			sourceTree = BUILT_PRODUCTS_DIR;
		};
		E1DF04BA1D63065400922F58 /* Reachability.framework */ = {
			isa = PBXReferenceProxy;
			fileType = wrapper.framework;
			path = Reachability.framework;
			remoteRef = E1DF04B91D63065400922F58 /* PBXContainerItemProxy */;
			sourceTree = BUILT_PRODUCTS_DIR;
		};
		E1DF04BC1D63065400922F58 /* Reachability.framework */ = {
			isa = PBXReferenceProxy;
			fileType = wrapper.framework;
			path = Reachability.framework;
			remoteRef = E1DF04BB1D63065400922F58 /* PBXContainerItemProxy */;
			sourceTree = BUILT_PRODUCTS_DIR;
		};
/* End PBXReferenceProxy section */

/* Begin PBXResourcesBuildPhase section */
		E1C92E501D3B8C8B000FC366 /* Resources */ = {
			isa = PBXResourcesBuildPhase;
			buildActionMask = 2147483647;
			files = (
				E1344F9F1D62DA2C00AD18FB /* Icon-60@3x.png in Resources */,
				E144E1251D45F250002FADAA /* nonsmoke.png in Resources */,
				E1829CD21D6E3F60005BD003 /* setting32.png in Resources */,
				E144E1221D45F250002FADAA /* ltdexp.png in Resources */,
				E1686C7B1D5747C9001F3AA4 /* maruW.png in Resources */,
				E17B028B1D3D92CE009A41D1 /* nagano.txt in Resources */,
				E144E1201D45F250002FADAA /* granclass.png in Resources */,
				E111946A1D64426C00DBF598 /* Vacancy_cleanness@3x.png in Resources */,
				E1D862031D648A87008CE032 /* Settings.bundle in Resources */,
				E1686C871D57489F001F3AA4 /* nonsmokeW.png in Resources */,
				E17B028C1D3D92CE009A41D1 /* pushcode.csv in Resources */,
				E1686C791D5747C0001F3AA4 /* greenW.png in Resources */,
				E1344FA11D62DA7C00AD18FB /* Icon-40@2x.png in Resources */,
				E1C92E631D3B8C8B000FC366 /* LaunchScreen.storyboard in Resources */,
				E144E12A1D45F250002FADAA /* superexpress.png in Resources */,
				E1829CD01D6E3B00005BD003 /* setting.png in Resources */,
				E1C92E601D3B8C8B000FC366 /* Assets.xcassets in Resources */,
				E196C20A1D5FD14800635F7F /* RapidList.txt in Resources */,
				E1344FA31D62DA8B00AD18FB /* Icon-40@3x.png in Resources */,
				E17B02881D3D92CE009A41D1 /* tohoku.txt in Resources */,
				E1344F9D1D62DA1C00AD18FB /* Icon-60@2x.png in Resources */,
				E1344F991D62D9C700AD18FB /* Icon-Small@2x.png in Resources */,
				E1686C8F1D5749DA001F3AA4 /* sankaku.png in Resources */,
				E1C92E5B1D3B8C8B000FC366 /* Main.storyboard in Resources */,
				E11194681D64425F00DBF598 /* Vacancy_cleanness.png in Resources */,
				E1686C8D1D5749CF001F3AA4 /* batsu.png in Resources */,
				E1686C7D1D5747D1001F3AA4 /* reservedW.png in Resources */,
				E1344FAF1D62DE9D00AD18FB /* info@2x.png in Resources */,
				E144E1261D45F250002FADAA /* rapid.png in Resources */,
				E17B028E1D3D92CE009A41D1 /* tokaido.txt in Resources */,
				E11194661D64425600DBF598 /* Vacancy_cleanness@2x.png in Resources */,
				E144E1291D45F250002FADAA /* smoking.png in Resources */,
				E144E1211D45F250002FADAA /* green.png in Resources */,
				E165348B1D61D88A00CD60B6 /* selectedMaru.png in Resources */,
				E1686C771D574799001F3AA4 /* nashi.png in Resources */,
				E144E1271D45F250002FADAA /* reserved.png in Resources */,
				E1344FAD1D62DE9600AD18FB /* info.png in Resources */,
				E1686C891D5749BD001F3AA4 /* batsuW.png in Resources */,
				E1686C831D5747DF001F3AA4 /* nashiW.png in Resources */,
				E17B02891D3D92CE009A41D1 /* kodama.txt in Resources */,
				E17B028D1D3D92CE009A41D1 /* SuperExpList.txt in Resources */,
				E1407D701D6EAAE50061C8B5 /* GoogleService-Info.plist in Resources */,
				E1344F9B1D62D9D600AD18FB /* Icon-Small@3x.png in Resources */,
				E1686C851D5747DF001F3AA4 /* smokeW.png in Resources */,
				E1686C8B1D5749C7001F3AA4 /* maru.png in Resources */,
				E1686C821D5747DF001F3AA4 /* granclassW.png in Resources */,
				E1686C841D5747DF001F3AA4 /* sankakuW.png in Resources */,
				E17B028A1D3D92CE009A41D1 /* LtdExpList.txt in Resources */,
			);
			runOnlyForDeploymentPostprocessing = 0;
		};
		E1C92E671D3B8C8C000FC366 /* Resources */ = {
			isa = PBXResourcesBuildPhase;
			buildActionMask = 2147483647;
			files = (
			);
			runOnlyForDeploymentPostprocessing = 0;
		};
		E1C92E721D3B8C8C000FC366 /* Resources */ = {
			isa = PBXResourcesBuildPhase;
			buildActionMask = 2147483647;
			files = (
			);
			runOnlyForDeploymentPostprocessing = 0;
		};
/* End PBXResourcesBuildPhase section */

/* Begin PBXShellScriptBuildPhase section */
		22C952E00D610CDFD3B968FB /* [CP] Copy Pods Resources */ = {
			isa = PBXShellScriptBuildPhase;
			buildActionMask = 2147483647;
			files = (
			);
			inputPaths = (
			);
			name = "[CP] Copy Pods Resources";
			outputPaths = (
			);
			runOnlyForDeploymentPostprocessing = 0;
			shellPath = /bin/sh;
			shellScript = "\"${SRCROOT}/Pods/Target Support Files/Pods-VacancyTests/Pods-VacancyTests-resources.sh\"\n";
			showEnvVarsInLog = 0;
		};
		45B4D71680BF7561DB1FB64C /* [CP] Check Pods Manifest.lock */ = {
			isa = PBXShellScriptBuildPhase;
			buildActionMask = 2147483647;
			files = (
			);
			inputPaths = (
			);
			name = "[CP] Check Pods Manifest.lock";
			outputPaths = (
			);
			runOnlyForDeploymentPostprocessing = 0;
			shellPath = /bin/sh;
			shellScript = "diff \"${PODS_ROOT}/../Podfile.lock\" \"${PODS_ROOT}/Manifest.lock\" > /dev/null\nif [ $? != 0 ] ; then\n    # print error to STDERR\n    echo \"error: The sandbox is not in sync with the Podfile.lock. Run 'pod install' or update your CocoaPods installation.\" >&2\n    exit 1\nfi\n";
			showEnvVarsInLog = 0;
		};
		76E3CD1FEEAD6C1B8CA54CA7 /* [CP] Copy Pods Resources */ = {
			isa = PBXShellScriptBuildPhase;
			buildActionMask = 2147483647;
			files = (
			);
			inputPaths = (
			);
			name = "[CP] Copy Pods Resources";
			outputPaths = (
			);
			runOnlyForDeploymentPostprocessing = 0;
			shellPath = /bin/sh;
			shellScript = "\"${SRCROOT}/Pods/Target Support Files/Pods-Vacancy/Pods-Vacancy-resources.sh\"\n";
			showEnvVarsInLog = 0;
		};
		7FDC421BB00E11C258790432 /* [CP] Check Pods Manifest.lock */ = {
			isa = PBXShellScriptBuildPhase;
			buildActionMask = 2147483647;
			files = (
			);
			inputPaths = (
			);
			name = "[CP] Check Pods Manifest.lock";
			outputPaths = (
			);
			runOnlyForDeploymentPostprocessing = 0;
			shellPath = /bin/sh;
			shellScript = "diff \"${PODS_ROOT}/../Podfile.lock\" \"${PODS_ROOT}/Manifest.lock\" > /dev/null\nif [ $? != 0 ] ; then\n    # print error to STDERR\n    echo \"error: The sandbox is not in sync with the Podfile.lock. Run 'pod install' or update your CocoaPods installation.\" >&2\n    exit 1\nfi\n";
			showEnvVarsInLog = 0;
		};
		AE3EACEE80EDAC3C960929D3 /* [CP] Embed Pods Frameworks */ = {
			isa = PBXShellScriptBuildPhase;
			buildActionMask = 2147483647;
			files = (
			);
			inputPaths = (
			);
			name = "[CP] Embed Pods Frameworks";
			outputPaths = (
			);
			runOnlyForDeploymentPostprocessing = 0;
			shellPath = /bin/sh;
			shellScript = "\"${SRCROOT}/Pods/Target Support Files/Pods-VacancyTests/Pods-VacancyTests-frameworks.sh\"\n";
			showEnvVarsInLog = 0;
		};
		B0DB67D542022E1464063D9A /* [CP] Embed Pods Frameworks */ = {
			isa = PBXShellScriptBuildPhase;
			buildActionMask = 2147483647;
			files = (
			);
			inputPaths = (
			);
			name = "[CP] Embed Pods Frameworks";
			outputPaths = (
			);
			runOnlyForDeploymentPostprocessing = 0;
			shellPath = /bin/sh;
			shellScript = "\"${SRCROOT}/Pods/Target Support Files/Pods-Vacancy/Pods-Vacancy-frameworks.sh\"\n";
			showEnvVarsInLog = 0;
		};
		E1B171E91D649BC900205977 /* ShellScript */ = {
			isa = PBXShellScriptBuildPhase;
			buildActionMask = 2147483647;
			files = (
			);
			inputPaths = (
			);
			outputPaths = (
			);
			runOnlyForDeploymentPostprocessing = 0;
			shellPath = /bin/sh;
			shellScript = "APP_VERSION=$(/usr/libexec/PlistBuddy -c \"Print CFBundleShortVersionString\" $PRODUCT_SETTINGS_PATH)\n/usr/libexec/PlistBuddy -c \"Set :PreferenceSpecifiers:1:DefaultValue ${APP_VERSION}\" \"${BUILT_PRODUCTS_DIR}/${WRAPPER_NAME}/Settings.bundle/Root.plist\"";
		};
/* End PBXShellScriptBuildPhase section */

/* Begin PBXSourcesBuildPhase section */
		E1C92E4E1D3B8C8B000FC366 /* Sources */ = {
			isa = PBXSourcesBuildPhase;
			buildActionMask = 2147483647;
			files = (
				E11194601D640ECB00DBF598 /* BookMarkRootViewController.swift in Sources */,
				E1C92E8D1D3BB202000FC366 /* PopUpPickerViewBase.swift in Sources */,
				E11194621D64151C00DBF598 /* StnSearchViewController.swift in Sources */,
				E111945C1D6404EB00DBF598 /* MainViewController.swift in Sources */,
				E1E6AC081D6D9F5900A95C4F /* SettingViewController.swift in Sources */,
				E1C92E5E1D3B8C8B000FC366 /* Vacancy.xcdatamodeld in Sources */,
				E19FAAD41E3E05DB000805A4 /* ResultRegex.swift in Sources */,
				E113890E1D6041A800C0B0B6 /* BookMarkCell.swift in Sources */,
				E1C92E8C1D3BB202000FC366 /* PopUpPickerView.swift in Sources */,
				E1DAE4231D595BF9005C7F7D /* StnSelectViewController.swift in Sources */,
				E1C92E581D3B8C8B000FC366 /* ViewController.swift in Sources */,
				E1C92E561D3B8C8B000FC366 /* AppDelegate.swift in Sources */,
				E1E6AC0A1D6DA60500A95C4F /* SettingName.swift in Sources */,
				E11388CD1D6017D200C0B0B6 /* SearchSettings.swift in Sources */,
				E144E12C1D462412002FADAA /* ResultCell.swift in Sources */,
				E12C31D61D63EB8200BE19B6 /* UnitID.swift in Sources */,
				E11389121D61528E00C0B0B6 /* Setting.swift in Sources */,
				E1DAE4211D594C57005C7F7D /* LegendViewController.swift in Sources */,
				E1E8E8661D61BD4A0019057E /* CustomButton.swift in Sources */,
				E1DAE4261D5965B7005C7F7D /* SegmentType.swift in Sources */,
				E1C92E8B1D3BB202000FC366 /* PopUpDatePickerView.swift in Sources */,
				E144E12E1D4628B7002FADAA /* ResultView.swift in Sources */,
				E1D7F4CA1DD185AA00745E72 /* Regex.swift in Sources */,
				E1DAE4281D596626005C7F7D /* SectionName.swift in Sources */,
				E1DAE42C1D596AFC005C7F7D /* SuperExpressName.swift in Sources */,
				E101EABD1D40E712003789A5 /* TrainData.swift in Sources */,
			);
			runOnlyForDeploymentPostprocessing = 0;
		};
		E1C92E651D3B8C8C000FC366 /* Sources */ = {
			isa = PBXSourcesBuildPhase;
			buildActionMask = 2147483647;
			files = (
				E1C92E6E1D3B8C8C000FC366 /* VacancyTests.swift in Sources */,
			);
			runOnlyForDeploymentPostprocessing = 0;
		};
		E1C92E701D3B8C8C000FC366 /* Sources */ = {
			isa = PBXSourcesBuildPhase;
			buildActionMask = 2147483647;
			files = (
				E1C92E791D3B8C8C000FC366 /* VacancyUITests.swift in Sources */,
			);
			runOnlyForDeploymentPostprocessing = 0;
		};
/* End PBXSourcesBuildPhase section */

/* Begin PBXTargetDependency section */
		E1C92E6B1D3B8C8C000FC366 /* PBXTargetDependency */ = {
			isa = PBXTargetDependency;
			target = E1C92E511D3B8C8B000FC366 /* Vacancy */;
			targetProxy = E1C92E6A1D3B8C8C000FC366 /* PBXContainerItemProxy */;
		};
		E1C92E761D3B8C8C000FC366 /* PBXTargetDependency */ = {
			isa = PBXTargetDependency;
			target = E1C92E511D3B8C8B000FC366 /* Vacancy */;
			targetProxy = E1C92E751D3B8C8C000FC366 /* PBXContainerItemProxy */;
		};
/* End PBXTargetDependency section */

/* Begin PBXVariantGroup section */
		E1C92E591D3B8C8B000FC366 /* Main.storyboard */ = {
			isa = PBXVariantGroup;
			children = (
				E1CCD4041D6B9E6C00EBE1DB /* ja */,
			);
			name = Main.storyboard;
			sourceTree = "<group>";
		};
		E1C92E611D3B8C8B000FC366 /* LaunchScreen.storyboard */ = {
			isa = PBXVariantGroup;
			children = (
				E1C92E621D3B8C8B000FC366 /* Base */,
				E14CED571D656F6F00B6FB42 /* ja */,
			);
			name = LaunchScreen.storyboard;
			sourceTree = "<group>";
		};
/* End PBXVariantGroup section */

/* Begin XCBuildConfiguration section */
		E1C92E7B1D3B8C8C000FC366 /* Debug */ = {
			isa = XCBuildConfiguration;
			buildSettings = {
				ALWAYS_SEARCH_USER_PATHS = NO;
				CLANG_ANALYZER_NONNULL = YES;
				CLANG_CXX_LANGUAGE_STANDARD = "gnu++0x";
				CLANG_CXX_LIBRARY = "libc++";
				CLANG_ENABLE_MODULES = YES;
				CLANG_ENABLE_OBJC_ARC = YES;
				CLANG_WARN_BOOL_CONVERSION = YES;
				CLANG_WARN_CONSTANT_CONVERSION = YES;
				CLANG_WARN_DIRECT_OBJC_ISA_USAGE = YES_ERROR;
				CLANG_WARN_EMPTY_BODY = YES;
				CLANG_WARN_ENUM_CONVERSION = YES;
				CLANG_WARN_INFINITE_RECURSION = YES;
				CLANG_WARN_INT_CONVERSION = YES;
				CLANG_WARN_OBJC_ROOT_CLASS = YES_ERROR;
				CLANG_WARN_SUSPICIOUS_MOVE = YES;
				CLANG_WARN_UNREACHABLE_CODE = YES;
				CLANG_WARN__DUPLICATE_METHOD_MATCH = YES;
				"CODE_SIGN_IDENTITY[sdk=iphoneos*]" = "iPhone Developer";
				COPY_PHASE_STRIP = NO;
				DEBUG_INFORMATION_FORMAT = dwarf;
				ENABLE_STRICT_OBJC_MSGSEND = YES;
				ENABLE_TESTABILITY = YES;
				GCC_C_LANGUAGE_STANDARD = gnu99;
				GCC_DYNAMIC_NO_PIC = NO;
				GCC_NO_COMMON_BLOCKS = YES;
				GCC_OPTIMIZATION_LEVEL = 0;
				GCC_PREPROCESSOR_DEFINITIONS = (
					"DEBUG=1",
					"$(inherited)",
				);
				GCC_WARN_64_TO_32_BIT_CONVERSION = YES;
				GCC_WARN_ABOUT_RETURN_TYPE = YES_ERROR;
				GCC_WARN_UNDECLARED_SELECTOR = YES;
				GCC_WARN_UNINITIALIZED_AUTOS = YES_AGGRESSIVE;
				GCC_WARN_UNUSED_FUNCTION = YES;
				GCC_WARN_UNUSED_VARIABLE = YES;
				IPHONEOS_DEPLOYMENT_TARGET = 9.3;
				MTL_ENABLE_DEBUG_INFO = YES;
				ONLY_ACTIVE_ARCH = YES;
				PROVISIONING_PROFILE = "da95189b-245c-495d-bf5d-f928943af3d6";
				SDKROOT = iphoneos;
				SWIFT_OPTIMIZATION_LEVEL = "-Onone";
			};
			name = Debug;
		};
		E1C92E7C1D3B8C8C000FC366 /* Release */ = {
			isa = XCBuildConfiguration;
			buildSettings = {
				ALWAYS_SEARCH_USER_PATHS = NO;
				CLANG_ANALYZER_NONNULL = YES;
				CLANG_CXX_LANGUAGE_STANDARD = "gnu++0x";
				CLANG_CXX_LIBRARY = "libc++";
				CLANG_ENABLE_MODULES = YES;
				CLANG_ENABLE_OBJC_ARC = YES;
				CLANG_WARN_BOOL_CONVERSION = YES;
				CLANG_WARN_CONSTANT_CONVERSION = YES;
				CLANG_WARN_DIRECT_OBJC_ISA_USAGE = YES_ERROR;
				CLANG_WARN_EMPTY_BODY = YES;
				CLANG_WARN_ENUM_CONVERSION = YES;
				CLANG_WARN_INFINITE_RECURSION = YES;
				CLANG_WARN_INT_CONVERSION = YES;
				CLANG_WARN_OBJC_ROOT_CLASS = YES_ERROR;
				CLANG_WARN_SUSPICIOUS_MOVE = YES;
				CLANG_WARN_UNREACHABLE_CODE = YES;
				CLANG_WARN__DUPLICATE_METHOD_MATCH = YES;
				CODE_SIGN_IDENTITY = "iPhone Distribution: Aoi Tanaka (3T7U4N2Y3E)";
				"CODE_SIGN_IDENTITY[sdk=iphoneos*]" = "iPhone Distribution: Aoi Tanaka (3T7U4N2Y3E)";
				COPY_PHASE_STRIP = NO;
				DEBUG_INFORMATION_FORMAT = "dwarf-with-dsym";
				ENABLE_NS_ASSERTIONS = NO;
				ENABLE_STRICT_OBJC_MSGSEND = YES;
				GCC_C_LANGUAGE_STANDARD = gnu99;
				GCC_NO_COMMON_BLOCKS = YES;
				GCC_WARN_64_TO_32_BIT_CONVERSION = YES;
				GCC_WARN_ABOUT_RETURN_TYPE = YES_ERROR;
				GCC_WARN_UNDECLARED_SELECTOR = YES;
				GCC_WARN_UNINITIALIZED_AUTOS = YES_AGGRESSIVE;
				GCC_WARN_UNUSED_FUNCTION = YES;
				GCC_WARN_UNUSED_VARIABLE = YES;
				IPHONEOS_DEPLOYMENT_TARGET = 9.3;
				MTL_ENABLE_DEBUG_INFO = NO;
				ONLY_ACTIVE_ARCH = YES;
				PROVISIONING_PROFILE = "da95189b-245c-495d-bf5d-f928943af3d6";
				SDKROOT = iphoneos;
				SWIFT_OPTIMIZATION_LEVEL = "-Owholemodule";
				VALIDATE_PRODUCT = YES;
			};
			name = Release;
		};
		E1C92E7E1D3B8C8C000FC366 /* Debug */ = {
			isa = XCBuildConfiguration;
			baseConfigurationReference = 838D21A8D5F512D987315ECA /* Pods-Vacancy.debug.xcconfig */;
			buildSettings = {
				ALWAYS_EMBED_SWIFT_STANDARD_LIBRARIES = YES;
				ASSETCATALOG_COMPILER_APPICON_NAME = AppIcon;
				CLANG_ENABLE_MODULES = YES;
				CODE_SIGN_IDENTITY = "iPhone Developer";
				"CODE_SIGN_IDENTITY[sdk=iphoneos*]" = "iPhone Developer";
				ENABLE_BITCODE = YES;
				INFOPLIST_FILE = Vacancy/Info.plist;
				IPHONEOS_DEPLOYMENT_TARGET = 9.0;
				LD_RUNPATH_SEARCH_PATHS = "$(inherited) @executable_path/Frameworks";
				PRODUCT_BUNDLE_IDENTIFIER = "jp.wpblog.aoisupersix.Vacancy-";
				PRODUCT_NAME = "$(TARGET_NAME)";
				PROVISIONING_PROFILE = "";
				SWIFT_OBJC_BRIDGING_HEADER = "$(SRCROOT)/$(PROJECT)/Vacancy-BridgingHeader.h";
				SWIFT_OPTIMIZATION_LEVEL = "-Onone";
				SWIFT_VERSION = 3.0;
				TARGETED_DEVICE_FAMILY = 1;
			};
			name = Debug;
		};
		E1C92E7F1D3B8C8C000FC366 /* Release */ = {
			isa = XCBuildConfiguration;
			baseConfigurationReference = D3C002927BD663A613F1C282 /* Pods-Vacancy.release.xcconfig */;
			buildSettings = {
				ALWAYS_EMBED_SWIFT_STANDARD_LIBRARIES = YES;
				ASSETCATALOG_COMPILER_APPICON_NAME = AppIcon;
				CLANG_ENABLE_MODULES = YES;
				CODE_SIGN_IDENTITY = "iPhone Developer";
				"CODE_SIGN_IDENTITY[sdk=iphoneos*]" = "iPhone Developer";
				ENABLE_BITCODE = YES;
				INFOPLIST_FILE = Vacancy/Info.plist;
				IPHONEOS_DEPLOYMENT_TARGET = 9.0;
				LD_RUNPATH_SEARCH_PATHS = "$(inherited) @executable_path/Frameworks";
				PRODUCT_BUNDLE_IDENTIFIER = "jp.wpblog.aoisupersix.Vacancy-";
				PRODUCT_NAME = "$(TARGET_NAME)";
				PROVISIONING_PROFILE = "";
				SWIFT_OBJC_BRIDGING_HEADER = "$(SRCROOT)/$(PROJECT)/Vacancy-BridgingHeader.h";
				SWIFT_VERSION = 3.0;
				TARGETED_DEVICE_FAMILY = 1;
			};
			name = Release;
		};
		E1C92E811D3B8C8C000FC366 /* Debug */ = {
			isa = XCBuildConfiguration;
			baseConfigurationReference = 39718ED5729785B339609B06 /* Pods-VacancyTests.debug.xcconfig */;
			buildSettings = {
				ALWAYS_EMBED_SWIFT_STANDARD_LIBRARIES = YES;
				BUNDLE_LOADER = "$(TEST_HOST)";
				INFOPLIST_FILE = VacancyTests/Info.plist;
				LD_RUNPATH_SEARCH_PATHS = "$(inherited) @executable_path/Frameworks @loader_path/Frameworks";
				PRODUCT_BUNDLE_IDENTIFIER = "jp.gr.java-conf.aoisupersix.VacancyTests";
				PRODUCT_NAME = "$(TARGET_NAME)";
				SWIFT_VERSION = 3.0;
				TEST_HOST = "$(BUILT_PRODUCTS_DIR)/Vacancy.app/Vacancy";
			};
			name = Debug;
		};
		E1C92E821D3B8C8C000FC366 /* Release */ = {
			isa = XCBuildConfiguration;
			baseConfigurationReference = 4B5EACBFF3A924A80F98E54F /* Pods-VacancyTests.release.xcconfig */;
			buildSettings = {
				ALWAYS_EMBED_SWIFT_STANDARD_LIBRARIES = YES;
				BUNDLE_LOADER = "$(TEST_HOST)";
				INFOPLIST_FILE = VacancyTests/Info.plist;
				LD_RUNPATH_SEARCH_PATHS = "$(inherited) @executable_path/Frameworks @loader_path/Frameworks";
				PRODUCT_BUNDLE_IDENTIFIER = "jp.gr.java-conf.aoisupersix.VacancyTests";
				PRODUCT_NAME = "$(TARGET_NAME)";
				SWIFT_VERSION = 3.0;
				TEST_HOST = "$(BUILT_PRODUCTS_DIR)/Vacancy.app/Vacancy";
			};
			name = Release;
		};
		E1C92E841D3B8C8C000FC366 /* Debug */ = {
			isa = XCBuildConfiguration;
			buildSettings = {
				INFOPLIST_FILE = VacancyUITests/Info.plist;
				LD_RUNPATH_SEARCH_PATHS = "$(inherited) @executable_path/Frameworks @loader_path/Frameworks";
				PRODUCT_BUNDLE_IDENTIFIER = "jp.gr.java-conf.aoisupersix.VacancyUITests";
				PRODUCT_NAME = "$(TARGET_NAME)";
				SWIFT_VERSION = 3.0;
				TEST_TARGET_NAME = Vacancy;
			};
			name = Debug;
		};
		E1C92E851D3B8C8C000FC366 /* Release */ = {
			isa = XCBuildConfiguration;
			buildSettings = {
				INFOPLIST_FILE = VacancyUITests/Info.plist;
				LD_RUNPATH_SEARCH_PATHS = "$(inherited) @executable_path/Frameworks @loader_path/Frameworks";
				PRODUCT_BUNDLE_IDENTIFIER = "jp.gr.java-conf.aoisupersix.VacancyUITests";
				PRODUCT_NAME = "$(TARGET_NAME)";
				SWIFT_VERSION = 3.0;
				TEST_TARGET_NAME = Vacancy;
			};
			name = Release;
		};
/* End XCBuildConfiguration section */

/* Begin XCConfigurationList section */
		E1C92E4D1D3B8C8B000FC366 /* Build configuration list for PBXProject "Vacancy" */ = {
			isa = XCConfigurationList;
			buildConfigurations = (
				E1C92E7B1D3B8C8C000FC366 /* Debug */,
				E1C92E7C1D3B8C8C000FC366 /* Release */,
			);
			defaultConfigurationIsVisible = 0;
			defaultConfigurationName = Release;
		};
		E1C92E7D1D3B8C8C000FC366 /* Build configuration list for PBXNativeTarget "Vacancy" */ = {
			isa = XCConfigurationList;
			buildConfigurations = (
				E1C92E7E1D3B8C8C000FC366 /* Debug */,
				E1C92E7F1D3B8C8C000FC366 /* Release */,
			);
			defaultConfigurationIsVisible = 0;
			defaultConfigurationName = Release;
		};
		E1C92E801D3B8C8C000FC366 /* Build configuration list for PBXNativeTarget "VacancyTests" */ = {
			isa = XCConfigurationList;
			buildConfigurations = (
				E1C92E811D3B8C8C000FC366 /* Debug */,
				E1C92E821D3B8C8C000FC366 /* Release */,
			);
			defaultConfigurationIsVisible = 0;
			defaultConfigurationName = Release;
		};
		E1C92E831D3B8C8C000FC366 /* Build configuration list for PBXNativeTarget "VacancyUITests" */ = {
			isa = XCConfigurationList;
			buildConfigurations = (
				E1C92E841D3B8C8C000FC366 /* Debug */,
				E1C92E851D3B8C8C000FC366 /* Release */,
			);
			defaultConfigurationIsVisible = 0;
			defaultConfigurationName = Release;
		};
/* End XCConfigurationList section */

/* Begin XCVersionGroup section */
		E1C92E5C1D3B8C8B000FC366 /* Vacancy.xcdatamodeld */ = {
			isa = XCVersionGroup;
			children = (
				E1C92E5D1D3B8C8B000FC366 /* Vacancy.xcdatamodel */,
			);
			currentVersion = E1C92E5D1D3B8C8B000FC366 /* Vacancy.xcdatamodel */;
			path = Vacancy.xcdatamodeld;
			sourceTree = "<group>";
			versionGroupType = wrapper.xcdatamodel;
		};
/* End XCVersionGroup section */
	};
	rootObject = E1C92E4A1D3B8C8B000FC366 /* Project object */;
}
